
Microsoft Visual Studio Solution File, Format Version 12.00
# Visual Studio Version 17
VisualStudioVersion = 17.2.32526.322
MinimumVisualStudioVersion = 10.0.40219.1
Project("{9A19103F-16F7-4668-BE54-9A1E7A4F7556}") = "KitX Dashboard", "KitX Dashboard\KitX Dashboard.csproj", "{651854CB-880C-4581-9B3F-EBA5891B9967}"
EndProject
Project("{FAE04EC0-301F-11D3-BF4B-00C04F79EFBC}") = "KitX.Loader.WPF.Framework", "KitX Loaders\KitX.Loader.WPF.Framework\KitX.Loader.WPF.Framework.csproj", "{A82731BF-B7BF-46F8-836E-3CF6BAEBCCFA}"
EndProject
Project("{2150E333-8FDC-42A3-9474-1A3956D46DE8}") = "KitX Loaders", "KitX Loaders", "{7CC55BEB-CE41-4631-87C9-146CB1FE309C}"
EndProject
Project("{2150E333-8FDC-42A3-9474-1A3956D46DE8}") = "KitX Contracts", "KitX Contracts", "{CCA3C548-ABCE-47F0-A161-5045DEC0A297}"
EndProject
Project("{9A19103F-16F7-4668-BE54-9A1E7A4F7556}") = "KitX.Loader.WPF.Core", "KitX Loaders\KitX.Loader.WPF.Core\KitX.Loader.WPF.Core.csproj", "{9A6A08A5-D60D-4DA5-9A32-638E3C76194F}"
EndProject
Project("{9A19103F-16F7-4668-BE54-9A1E7A4F7556}") = "KitX.Contract.CSharp", "KitX Contracts\KitX.Contract.CSharp\KitX.Contract.CSharp.csproj", "{C1A05E25-8DBA-4CA4-88D5-E28D69B76D13}"
EndProject
Project("{FAE04EC0-301F-11D3-BF4B-00C04F79EFBC}") = "KitX.Loader.Winform.Framework", "KitX Loaders\KitX.Loader.Winform.Framework\KitX.Loader.Winform.Framework.csproj", "{12E8BB19-F97F-4088-ADB3-AFAA5AE6F7B3}"
EndProject
Project("{9A19103F-16F7-4668-BE54-9A1E7A4F7556}") = "KitX.Loader.Winform.Core", "KitX Loaders\KitX.Loader.Winform.Core\KitX.Loader.Winform.Core.csproj", "{7B3E978E-2FF3-4D66-8BCE-EFD716CA4523}"
EndProject
Project("{8BC9CEB8-8B4A-11D0-8D11-00A0C91BC942}") = "KitX.Loader.MSVC.Windows", "KitX Loaders\KitX.Loader.MSVC.Windows\KitX.Loader.MSVC.Windows.vcxproj", "{CC27CB5B-13CB-414E-8384-89582C048EE9}"
EndProject
Project("{2150E333-8FDC-42A3-9474-1A3956D46DE8}") = "KitX Official Plugins", "KitX Official Plugins", "{A8D5E38D-117C-444D-8767-D0DA823822AA}"
EndProject
Project("{9A19103F-16F7-4668-BE54-9A1E7A4F7556}") = "TestPlugin.WPF.Core", "KitX Official Plugins\TestPlugin.WPF.Core\TestPlugin.WPF.Core.csproj", "{3553B2D3-9BDC-4530-8C4E-695CBAEA5DC5}"
EndProject
Project("{2150E333-8FDC-42A3-9474-1A3956D46DE8}") = "KitX Rules", "KitX Rules", "{8951FA15-B902-4090-8841-F5D07890F0D4}"
EndProject
Project("{2150E333-8FDC-42A3-9474-1A3956D46DE8}") = "KitX Test", "KitX Test", "{F8379F09-5E41-48AA-9643-047BD17B1CA7}"
EndProject
Project("{2150E333-8FDC-42A3-9474-1A3956D46DE8}") = "KitX Rules", "KitX Rules", "{251A2C04-7135-4968-9E9B-08EE61E5D74C}"
EndProject
Project("{9A19103F-16F7-4668-BE54-9A1E7A4F7556}") = "KitX.Web.Rules.Test", "KitX Test\KitX Rules\KitX.Web.Rules.Test\KitX.Web.Rules.Test.csproj", "{57BF15CB-6D63-4A08-A426-F9540E258465}"
EndProject
Project("{2150E333-8FDC-42A3-9474-1A3956D46DE8}") = "KitX Loaders", "KitX Loaders", "{BA4334E4-0992-4A5B-9AF5-EBB91DD5EC0A}"
EndProject
Project("{2150E333-8FDC-42A3-9474-1A3956D46DE8}") = "KitX Official Plugins", "KitX Official Plugins", "{680E3F3C-FA2B-48C7-81C3-A6119C340006}"
EndProject
Project("{2150E333-8FDC-42A3-9474-1A3956D46DE8}") = "KitX Contracts", "KitX Contracts", "{B3D8D064-E8B8-4673-A6C0-F6392DC2A444}"
EndProject
Project("{2150E333-8FDC-42A3-9474-1A3956D46DE8}") = "Solution Items", "Solution Items", "{1BBE8A6D-740D-4252-ACF0-0AF4882DF8B5}"
	ProjectSection(SolutionItems) = preProject
		.editorconfig = .editorconfig
		nuget.config = nuget.config
	EndProjectSection
EndProject
Project("{9A19103F-16F7-4668-BE54-9A1E7A4F7556}") = "KitX.Contract.CSharp.Test", "KitX Test\KitX Contracts\KitX.Contract.CSharp.Test\KitX.Contract.CSharp.Test.csproj", "{8D00A21D-EF71-4CD2-BC63-CD97C9687695}"
EndProject
Project("{2150E333-8FDC-42A3-9474-1A3956D46DE8}") = "解决方案项", "解决方案项", "{F9F655A9-54A3-4E3C-853F-EFA24615ED67}"
	ProjectSection(SolutionItems) = preProject
		.gitignore = .gitignore
		async.ps1 = async.ps1
		async.sh = async.sh
		branch.descr.py = branch.descr.py
		BUSINESS-LICENSE = BUSINESS-LICENSE
		ChangeLog.md = ChangeLog.md
		clear.sh = clear.sh
		CODE_OF_CONDUCT.md = CODE_OF_CONDUCT.md
		contributing.md = contributing.md
		Directory.Build.props = Directory.Build.props
		ErrorCodes.md = ErrorCodes.md
		LICENSE = LICENSE
		nuget.config = nuget.config
		push-repos.json = push-repos.json
		README.md = README.md
		SECURITY.md = SECURITY.md
	EndProjectSection
EndProject
Project("{2150E333-8FDC-42A3-9474-1A3956D46DE8}") = "KitX Installer", "KitX Installer", "{2A5D8B91-A9CA-40FF-B821-5CE45A27312E}"
EndProject
Project("{2150E333-8FDC-42A3-9474-1A3956D46DE8}") = "Installer for Windows", "Installer for Windows", "{61142209-2848-4FE6-8688-147830C105FC}"
EndProject
Project("{2150E333-8FDC-42A3-9474-1A3956D46DE8}") = ".github", ".github", "{72B86499-F876-4E0D-A215-2E1420848906}"
	ProjectSection(SolutionItems) = preProject
		.github\FUNDING.yml = .github\FUNDING.yml
		.github\pull_request_template.md = .github\pull_request_template.md
	EndProjectSection
EndProject
Project("{2150E333-8FDC-42A3-9474-1A3956D46DE8}") = ".gitlab", ".gitlab", "{06EA8A93-DD6A-41B4-817D-07A66AD7812A}"
EndProject
Project("{2150E333-8FDC-42A3-9474-1A3956D46DE8}") = "issue_templates", "issue_templates", "{B41024AB-010C-4C4D-A307-7C6D8BB3380F}"
	ProjectSection(SolutionItems) = preProject
		.gitlab\issue_templates\bug-report.md = .gitlab\issue_templates\bug-report.md
		.gitlab\issue_templates\feature-request.md = .gitlab\issue_templates\feature-request.md
	EndProjectSection
EndProject
Project("{2150E333-8FDC-42A3-9474-1A3956D46DE8}") = "ISSUE_TEMPLATE", "ISSUE_TEMPLATE", "{04F558D1-BD80-41FC-8ABD-B7B968F7F5AE}"
	ProjectSection(SolutionItems) = preProject
		.github\ISSUE_TEMPLATE\---bug-report.md = .github\ISSUE_TEMPLATE\---bug-report.md
		.github\ISSUE_TEMPLATE\---feature-request.md = .github\ISSUE_TEMPLATE\---feature-request.md
	EndProjectSection
EndProject
Project("{2150E333-8FDC-42A3-9474-1A3956D46DE8}") = "workflows", "workflows", "{1B6E60B1-8E92-48F8-A90A-642049A9E046}"
	ProjectSection(SolutionItems) = preProject
		.github\workflows\build-loaders.yml = .github\workflows\build-loaders.yml
		.github\workflows\build-plugins.yml = .github\workflows\build-plugins.yml
		.github\workflows\build-publish-packages.yml = .github\workflows\build-publish-packages.yml
		.github\workflows\build.yml = .github\workflows\build.yml
	EndProjectSection
EndProject
Project("{2150E333-8FDC-42A3-9474-1A3956D46DE8}") = "merge_request_templates", "merge_request_templates", "{58B96215-FDBA-4FEA-ABD4-E4C7D66D2AE9}"
	ProjectSection(SolutionItems) = preProject
		.gitlab\merge_request_templates\default.md = .gitlab\merge_request_templates\default.md
	EndProjectSection
EndProject
Project("{FAE04EC0-301F-11D3-BF4B-00C04F79EFBC}") = "KitX Installer for Windows in .NET Framework", "KitX Installer\Installer for Windows\KitX Installer for Windows in .NET Framework\KitX Installer for Windows in .NET Framework.csproj", "{9A43FFB2-76A1-41FC-86FE-C7962C56D376}"
EndProject
Project("{2150E333-8FDC-42A3-9474-1A3956D46DE8}") = "KitX File Format Helper", "KitX File Format Helper", "{15D9A1B3-0821-4B3B-BAC8-352F4C1A1962}"
EndProject
Project("{9A19103F-16F7-4668-BE54-9A1E7A4F7556}") = "KitX.KXP.Helper", "KitX File Format Helper\KitX.KXP.Helper\KitX.KXP.Helper.csproj", "{CFD772C9-5236-4354-AAAE-3A0C73FC8CCA}"
EndProject
Project("{2150E333-8FDC-42A3-9474-1A3956D46DE8}") = "KitX File Format Helper", "KitX File Format Helper", "{4058A162-2785-4688-A007-B05828D28DED}"
EndProject
Project("{9A19103F-16F7-4668-BE54-9A1E7A4F7556}") = "KitX.KXP.Helper.Test", "KitX Test\KitX File Format Helper\KitX.KXP.Helper.Test\KitX.KXP.Helper.Test.csproj", "{706F980F-CAEF-42D2-89C1-728D8B66578C}"
EndProject
Project("{9A19103F-16F7-4668-BE54-9A1E7A4F7556}") = "KitX.Web.Rules", "KitX Rules\KitX.Web.Rules\KitX.Web.Rules.csproj", "{BC6FC695-381A-4556-89A3-7918651E8D56}"
EndProject
Project("{FAE04EC0-301F-11D3-BF4B-00C04F79EFBC}") = "TestPlugin.WPF.Winform", "KitX Official Plugins\TestPlugin.WPF.Winform\TestPlugin.WPF.Winform.csproj", "{B4BD67EE-8B90-408C-A0A9-D8F9B3265835}"
EndProject
Project("{2150E333-8FDC-42A3-9474-1A3956D46DE8}") = "KitX Official Website", "KitX Official Website", "{9B3094E5-7038-4292-AEAB-B32C16232CA8}"
EndProject
Project("{9A19103F-16F7-4668-BE54-9A1E7A4F7556}") = "KitX Website", "KitX Official Website\KitX Website\KitX Website.csproj", "{28E7C367-EDC9-4B4B-AA07-C00369975ED3}"
EndProject
Project("{2150E333-8FDC-42A3-9474-1A3956D46DE8}") = "KitX Tools", "KitX Tools", "{CF9D7D6C-CE00-4D88-AD1C-B084BB35CA99}"
EndProject
Project("{9A19103F-16F7-4668-BE54-9A1E7A4F7556}") = "KitX.KXP.Tool", "KitX Tools\KitX.KXP.Tool\KitX.KXP.Tool.csproj", "{2D914BFA-FD23-46C7-8132-782550F9AE71}"
EndProject
Project("{9A19103F-16F7-4668-BE54-9A1E7A4F7556}") = "KitX.Struct.Producer", "KitX Tools\KitX.Struct.Producer\KitX.Struct.Producer.csproj", "{338191E6-EE63-4735-8810-51941779A5FF}"
EndProject
Project("{9A19103F-16F7-4668-BE54-9A1E7A4F7556}") = "KitX.Connector", "KitX Tools\KitX.Connector\KitX.Connector.csproj", "{5993287C-8663-4C13-8B6A-76F89FA1FC46}"
EndProject
Project("{2150E333-8FDC-42A3-9474-1A3956D46DE8}") = "KitX Dashboard Helper", "KitX Dashboard Helper", "{0BE49855-23A1-46C9-BA6E-1B94ECF5F213}"
EndProject
Project("{FAE04EC0-301F-11D3-BF4B-00C04F79EFBC}") = "KitX.Updater", "KitX Dashboard Helper\KitX.Updater\KitX.Updater.csproj", "{7E3B3FAF-3895-466A-9753-64A64BB70FBE}"
EndProject
Global
	GlobalSection(SolutionConfigurationPlatforms) = preSolution
		Debug|Any CPU = Debug|Any CPU
		Debug|x64 = Debug|x64
		Debug|x86 = Debug|x86
		Release|Any CPU = Release|Any CPU
		Release|x64 = Release|x64
		Release|x86 = Release|x86
	EndGlobalSection
	GlobalSection(ProjectConfigurationPlatforms) = postSolution
		{651854CB-880C-4581-9B3F-EBA5891B9967}.Debug|Any CPU.ActiveCfg = Debug|Any CPU
		{651854CB-880C-4581-9B3F-EBA5891B9967}.Debug|Any CPU.Build.0 = Debug|Any CPU
		{651854CB-880C-4581-9B3F-EBA5891B9967}.Debug|x64.ActiveCfg = Debug|Any CPU
		{651854CB-880C-4581-9B3F-EBA5891B9967}.Debug|x64.Build.0 = Debug|Any CPU
		{651854CB-880C-4581-9B3F-EBA5891B9967}.Debug|x86.ActiveCfg = Debug|Any CPU
		{651854CB-880C-4581-9B3F-EBA5891B9967}.Debug|x86.Build.0 = Debug|Any CPU
		{651854CB-880C-4581-9B3F-EBA5891B9967}.Release|Any CPU.ActiveCfg = Release|Any CPU
		{651854CB-880C-4581-9B3F-EBA5891B9967}.Release|Any CPU.Build.0 = Release|Any CPU
		{651854CB-880C-4581-9B3F-EBA5891B9967}.Release|x64.ActiveCfg = Release|Any CPU
		{651854CB-880C-4581-9B3F-EBA5891B9967}.Release|x64.Build.0 = Release|Any CPU
		{651854CB-880C-4581-9B3F-EBA5891B9967}.Release|x86.ActiveCfg = Release|Any CPU
		{651854CB-880C-4581-9B3F-EBA5891B9967}.Release|x86.Build.0 = Release|Any CPU
		{A82731BF-B7BF-46F8-836E-3CF6BAEBCCFA}.Debug|Any CPU.ActiveCfg = Debug|Any CPU
		{A82731BF-B7BF-46F8-836E-3CF6BAEBCCFA}.Debug|Any CPU.Build.0 = Debug|Any CPU
		{A82731BF-B7BF-46F8-836E-3CF6BAEBCCFA}.Debug|x64.ActiveCfg = Debug|Any CPU
		{A82731BF-B7BF-46F8-836E-3CF6BAEBCCFA}.Debug|x64.Build.0 = Debug|Any CPU
		{A82731BF-B7BF-46F8-836E-3CF6BAEBCCFA}.Debug|x86.ActiveCfg = Debug|Any CPU
		{A82731BF-B7BF-46F8-836E-3CF6BAEBCCFA}.Debug|x86.Build.0 = Debug|Any CPU
		{A82731BF-B7BF-46F8-836E-3CF6BAEBCCFA}.Release|Any CPU.ActiveCfg = Release|Any CPU
		{A82731BF-B7BF-46F8-836E-3CF6BAEBCCFA}.Release|Any CPU.Build.0 = Release|Any CPU
		{A82731BF-B7BF-46F8-836E-3CF6BAEBCCFA}.Release|x64.ActiveCfg = Release|Any CPU
		{A82731BF-B7BF-46F8-836E-3CF6BAEBCCFA}.Release|x64.Build.0 = Release|Any CPU
		{A82731BF-B7BF-46F8-836E-3CF6BAEBCCFA}.Release|x86.ActiveCfg = Release|Any CPU
		{A82731BF-B7BF-46F8-836E-3CF6BAEBCCFA}.Release|x86.Build.0 = Release|Any CPU
		{9A6A08A5-D60D-4DA5-9A32-638E3C76194F}.Debug|Any CPU.ActiveCfg = Debug|Any CPU
		{9A6A08A5-D60D-4DA5-9A32-638E3C76194F}.Debug|Any CPU.Build.0 = Debug|Any CPU
		{9A6A08A5-D60D-4DA5-9A32-638E3C76194F}.Debug|x64.ActiveCfg = Debug|Any CPU
		{9A6A08A5-D60D-4DA5-9A32-638E3C76194F}.Debug|x64.Build.0 = Debug|Any CPU
		{9A6A08A5-D60D-4DA5-9A32-638E3C76194F}.Debug|x86.ActiveCfg = Debug|Any CPU
		{9A6A08A5-D60D-4DA5-9A32-638E3C76194F}.Debug|x86.Build.0 = Debug|Any CPU
		{9A6A08A5-D60D-4DA5-9A32-638E3C76194F}.Release|Any CPU.ActiveCfg = Release|Any CPU
		{9A6A08A5-D60D-4DA5-9A32-638E3C76194F}.Release|Any CPU.Build.0 = Release|Any CPU
		{9A6A08A5-D60D-4DA5-9A32-638E3C76194F}.Release|x64.ActiveCfg = Release|Any CPU
		{9A6A08A5-D60D-4DA5-9A32-638E3C76194F}.Release|x64.Build.0 = Release|Any CPU
		{9A6A08A5-D60D-4DA5-9A32-638E3C76194F}.Release|x86.ActiveCfg = Release|Any CPU
		{9A6A08A5-D60D-4DA5-9A32-638E3C76194F}.Release|x86.Build.0 = Release|Any CPU
		{C1A05E25-8DBA-4CA4-88D5-E28D69B76D13}.Debug|Any CPU.ActiveCfg = Debug|Any CPU
		{C1A05E25-8DBA-4CA4-88D5-E28D69B76D13}.Debug|Any CPU.Build.0 = Debug|Any CPU
		{C1A05E25-8DBA-4CA4-88D5-E28D69B76D13}.Debug|x64.ActiveCfg = Debug|Any CPU
		{C1A05E25-8DBA-4CA4-88D5-E28D69B76D13}.Debug|x64.Build.0 = Debug|Any CPU
		{C1A05E25-8DBA-4CA4-88D5-E28D69B76D13}.Debug|x86.ActiveCfg = Debug|Any CPU
		{C1A05E25-8DBA-4CA4-88D5-E28D69B76D13}.Debug|x86.Build.0 = Debug|Any CPU
		{C1A05E25-8DBA-4CA4-88D5-E28D69B76D13}.Release|Any CPU.ActiveCfg = Release|Any CPU
		{C1A05E25-8DBA-4CA4-88D5-E28D69B76D13}.Release|Any CPU.Build.0 = Release|Any CPU
		{C1A05E25-8DBA-4CA4-88D5-E28D69B76D13}.Release|x64.ActiveCfg = Release|Any CPU
		{C1A05E25-8DBA-4CA4-88D5-E28D69B76D13}.Release|x64.Build.0 = Release|Any CPU
		{C1A05E25-8DBA-4CA4-88D5-E28D69B76D13}.Release|x86.ActiveCfg = Release|Any CPU
		{C1A05E25-8DBA-4CA4-88D5-E28D69B76D13}.Release|x86.Build.0 = Release|Any CPU
		{12E8BB19-F97F-4088-ADB3-AFAA5AE6F7B3}.Debug|Any CPU.ActiveCfg = Debug|Any CPU
		{12E8BB19-F97F-4088-ADB3-AFAA5AE6F7B3}.Debug|Any CPU.Build.0 = Debug|Any CPU
		{12E8BB19-F97F-4088-ADB3-AFAA5AE6F7B3}.Debug|x64.ActiveCfg = Debug|Any CPU
		{12E8BB19-F97F-4088-ADB3-AFAA5AE6F7B3}.Debug|x64.Build.0 = Debug|Any CPU
		{12E8BB19-F97F-4088-ADB3-AFAA5AE6F7B3}.Debug|x86.ActiveCfg = Debug|Any CPU
		{12E8BB19-F97F-4088-ADB3-AFAA5AE6F7B3}.Debug|x86.Build.0 = Debug|Any CPU
		{12E8BB19-F97F-4088-ADB3-AFAA5AE6F7B3}.Release|Any CPU.ActiveCfg = Release|Any CPU
		{12E8BB19-F97F-4088-ADB3-AFAA5AE6F7B3}.Release|Any CPU.Build.0 = Release|Any CPU
		{12E8BB19-F97F-4088-ADB3-AFAA5AE6F7B3}.Release|x64.ActiveCfg = Release|Any CPU
		{12E8BB19-F97F-4088-ADB3-AFAA5AE6F7B3}.Release|x64.Build.0 = Release|Any CPU
		{12E8BB19-F97F-4088-ADB3-AFAA5AE6F7B3}.Release|x86.ActiveCfg = Release|Any CPU
		{12E8BB19-F97F-4088-ADB3-AFAA5AE6F7B3}.Release|x86.Build.0 = Release|Any CPU
		{7B3E978E-2FF3-4D66-8BCE-EFD716CA4523}.Debug|Any CPU.ActiveCfg = Debug|Any CPU
		{7B3E978E-2FF3-4D66-8BCE-EFD716CA4523}.Debug|Any CPU.Build.0 = Debug|Any CPU
		{7B3E978E-2FF3-4D66-8BCE-EFD716CA4523}.Debug|x64.ActiveCfg = Debug|Any CPU
		{7B3E978E-2FF3-4D66-8BCE-EFD716CA4523}.Debug|x64.Build.0 = Debug|Any CPU
		{7B3E978E-2FF3-4D66-8BCE-EFD716CA4523}.Debug|x86.ActiveCfg = Debug|Any CPU
		{7B3E978E-2FF3-4D66-8BCE-EFD716CA4523}.Debug|x86.Build.0 = Debug|Any CPU
		{7B3E978E-2FF3-4D66-8BCE-EFD716CA4523}.Release|Any CPU.ActiveCfg = Release|Any CPU
		{7B3E978E-2FF3-4D66-8BCE-EFD716CA4523}.Release|Any CPU.Build.0 = Release|Any CPU
		{7B3E978E-2FF3-4D66-8BCE-EFD716CA4523}.Release|x64.ActiveCfg = Release|Any CPU
		{7B3E978E-2FF3-4D66-8BCE-EFD716CA4523}.Release|x64.Build.0 = Release|Any CPU
		{7B3E978E-2FF3-4D66-8BCE-EFD716CA4523}.Release|x86.ActiveCfg = Release|Any CPU
		{7B3E978E-2FF3-4D66-8BCE-EFD716CA4523}.Release|x86.Build.0 = Release|Any CPU
		{CC27CB5B-13CB-414E-8384-89582C048EE9}.Debug|Any CPU.ActiveCfg = Debug|x64
		{CC27CB5B-13CB-414E-8384-89582C048EE9}.Debug|Any CPU.Build.0 = Debug|x64
		{CC27CB5B-13CB-414E-8384-89582C048EE9}.Debug|x64.ActiveCfg = Debug|x64
		{CC27CB5B-13CB-414E-8384-89582C048EE9}.Debug|x64.Build.0 = Debug|x64
		{CC27CB5B-13CB-414E-8384-89582C048EE9}.Debug|x86.ActiveCfg = Debug|Win32
		{CC27CB5B-13CB-414E-8384-89582C048EE9}.Debug|x86.Build.0 = Debug|Win32
		{CC27CB5B-13CB-414E-8384-89582C048EE9}.Release|Any CPU.ActiveCfg = Release|x64
		{CC27CB5B-13CB-414E-8384-89582C048EE9}.Release|Any CPU.Build.0 = Release|x64
		{CC27CB5B-13CB-414E-8384-89582C048EE9}.Release|x64.ActiveCfg = Release|x64
		{CC27CB5B-13CB-414E-8384-89582C048EE9}.Release|x64.Build.0 = Release|x64
		{CC27CB5B-13CB-414E-8384-89582C048EE9}.Release|x86.ActiveCfg = Release|Win32
		{CC27CB5B-13CB-414E-8384-89582C048EE9}.Release|x86.Build.0 = Release|Win32
		{3553B2D3-9BDC-4530-8C4E-695CBAEA5DC5}.Debug|Any CPU.ActiveCfg = Debug|Any CPU
		{3553B2D3-9BDC-4530-8C4E-695CBAEA5DC5}.Debug|Any CPU.Build.0 = Debug|Any CPU
		{3553B2D3-9BDC-4530-8C4E-695CBAEA5DC5}.Debug|x64.ActiveCfg = Debug|Any CPU
		{3553B2D3-9BDC-4530-8C4E-695CBAEA5DC5}.Debug|x64.Build.0 = Debug|Any CPU
		{3553B2D3-9BDC-4530-8C4E-695CBAEA5DC5}.Debug|x86.ActiveCfg = Debug|Any CPU
		{3553B2D3-9BDC-4530-8C4E-695CBAEA5DC5}.Debug|x86.Build.0 = Debug|Any CPU
		{3553B2D3-9BDC-4530-8C4E-695CBAEA5DC5}.Release|Any CPU.ActiveCfg = Release|Any CPU
		{3553B2D3-9BDC-4530-8C4E-695CBAEA5DC5}.Release|Any CPU.Build.0 = Release|Any CPU
		{3553B2D3-9BDC-4530-8C4E-695CBAEA5DC5}.Release|x64.ActiveCfg = Release|Any CPU
		{3553B2D3-9BDC-4530-8C4E-695CBAEA5DC5}.Release|x64.Build.0 = Release|Any CPU
		{3553B2D3-9BDC-4530-8C4E-695CBAEA5DC5}.Release|x86.ActiveCfg = Release|Any CPU
		{3553B2D3-9BDC-4530-8C4E-695CBAEA5DC5}.Release|x86.Build.0 = Release|Any CPU
		{57BF15CB-6D63-4A08-A426-F9540E258465}.Debug|Any CPU.ActiveCfg = Debug|Any CPU
		{57BF15CB-6D63-4A08-A426-F9540E258465}.Debug|Any CPU.Build.0 = Debug|Any CPU
		{57BF15CB-6D63-4A08-A426-F9540E258465}.Debug|x64.ActiveCfg = Debug|Any CPU
		{57BF15CB-6D63-4A08-A426-F9540E258465}.Debug|x64.Build.0 = Debug|Any CPU
		{57BF15CB-6D63-4A08-A426-F9540E258465}.Debug|x86.ActiveCfg = Debug|Any CPU
		{57BF15CB-6D63-4A08-A426-F9540E258465}.Debug|x86.Build.0 = Debug|Any CPU
		{57BF15CB-6D63-4A08-A426-F9540E258465}.Release|Any CPU.ActiveCfg = Release|Any CPU
		{57BF15CB-6D63-4A08-A426-F9540E258465}.Release|Any CPU.Build.0 = Release|Any CPU
		{57BF15CB-6D63-4A08-A426-F9540E258465}.Release|x64.ActiveCfg = Release|Any CPU
		{57BF15CB-6D63-4A08-A426-F9540E258465}.Release|x64.Build.0 = Release|Any CPU
		{57BF15CB-6D63-4A08-A426-F9540E258465}.Release|x86.ActiveCfg = Release|Any CPU
		{57BF15CB-6D63-4A08-A426-F9540E258465}.Release|x86.Build.0 = Release|Any CPU
		{8D00A21D-EF71-4CD2-BC63-CD97C9687695}.Debug|Any CPU.ActiveCfg = Debug|Any CPU
		{8D00A21D-EF71-4CD2-BC63-CD97C9687695}.Debug|Any CPU.Build.0 = Debug|Any CPU
		{8D00A21D-EF71-4CD2-BC63-CD97C9687695}.Debug|x64.ActiveCfg = Debug|Any CPU
		{8D00A21D-EF71-4CD2-BC63-CD97C9687695}.Debug|x64.Build.0 = Debug|Any CPU
		{8D00A21D-EF71-4CD2-BC63-CD97C9687695}.Debug|x86.ActiveCfg = Debug|Any CPU
		{8D00A21D-EF71-4CD2-BC63-CD97C9687695}.Debug|x86.Build.0 = Debug|Any CPU
		{8D00A21D-EF71-4CD2-BC63-CD97C9687695}.Release|Any CPU.ActiveCfg = Release|Any CPU
		{8D00A21D-EF71-4CD2-BC63-CD97C9687695}.Release|Any CPU.Build.0 = Release|Any CPU
		{8D00A21D-EF71-4CD2-BC63-CD97C9687695}.Release|x64.ActiveCfg = Release|Any CPU
		{8D00A21D-EF71-4CD2-BC63-CD97C9687695}.Release|x64.Build.0 = Release|Any CPU
		{8D00A21D-EF71-4CD2-BC63-CD97C9687695}.Release|x86.ActiveCfg = Release|Any CPU
		{8D00A21D-EF71-4CD2-BC63-CD97C9687695}.Release|x86.Build.0 = Release|Any CPU
		{9A43FFB2-76A1-41FC-86FE-C7962C56D376}.Debug|Any CPU.ActiveCfg = Debug|Any CPU
		{9A43FFB2-76A1-41FC-86FE-C7962C56D376}.Debug|Any CPU.Build.0 = Debug|Any CPU
		{9A43FFB2-76A1-41FC-86FE-C7962C56D376}.Debug|x64.ActiveCfg = Debug|Any CPU
		{9A43FFB2-76A1-41FC-86FE-C7962C56D376}.Debug|x64.Build.0 = Debug|Any CPU
		{9A43FFB2-76A1-41FC-86FE-C7962C56D376}.Debug|x86.ActiveCfg = Debug|Any CPU
		{9A43FFB2-76A1-41FC-86FE-C7962C56D376}.Debug|x86.Build.0 = Debug|Any CPU
		{9A43FFB2-76A1-41FC-86FE-C7962C56D376}.Release|Any CPU.ActiveCfg = Release|Any CPU
		{9A43FFB2-76A1-41FC-86FE-C7962C56D376}.Release|Any CPU.Build.0 = Release|Any CPU
		{9A43FFB2-76A1-41FC-86FE-C7962C56D376}.Release|x64.ActiveCfg = Release|Any CPU
		{9A43FFB2-76A1-41FC-86FE-C7962C56D376}.Release|x64.Build.0 = Release|Any CPU
		{9A43FFB2-76A1-41FC-86FE-C7962C56D376}.Release|x86.ActiveCfg = Release|Any CPU
		{9A43FFB2-76A1-41FC-86FE-C7962C56D376}.Release|x86.Build.0 = Release|Any CPU
		{CFD772C9-5236-4354-AAAE-3A0C73FC8CCA}.Debug|Any CPU.ActiveCfg = Debug|Any CPU
		{CFD772C9-5236-4354-AAAE-3A0C73FC8CCA}.Debug|Any CPU.Build.0 = Debug|Any CPU
		{CFD772C9-5236-4354-AAAE-3A0C73FC8CCA}.Debug|x64.ActiveCfg = Debug|Any CPU
		{CFD772C9-5236-4354-AAAE-3A0C73FC8CCA}.Debug|x64.Build.0 = Debug|Any CPU
		{CFD772C9-5236-4354-AAAE-3A0C73FC8CCA}.Debug|x86.ActiveCfg = Debug|Any CPU
		{CFD772C9-5236-4354-AAAE-3A0C73FC8CCA}.Debug|x86.Build.0 = Debug|Any CPU
		{CFD772C9-5236-4354-AAAE-3A0C73FC8CCA}.Release|Any CPU.ActiveCfg = Release|Any CPU
		{CFD772C9-5236-4354-AAAE-3A0C73FC8CCA}.Release|Any CPU.Build.0 = Release|Any CPU
		{CFD772C9-5236-4354-AAAE-3A0C73FC8CCA}.Release|x64.ActiveCfg = Release|Any CPU
		{CFD772C9-5236-4354-AAAE-3A0C73FC8CCA}.Release|x64.Build.0 = Release|Any CPU
		{CFD772C9-5236-4354-AAAE-3A0C73FC8CCA}.Release|x86.ActiveCfg = Release|Any CPU
		{CFD772C9-5236-4354-AAAE-3A0C73FC8CCA}.Release|x86.Build.0 = Release|Any CPU
		{706F980F-CAEF-42D2-89C1-728D8B66578C}.Debug|Any CPU.ActiveCfg = Debug|Any CPU
		{706F980F-CAEF-42D2-89C1-728D8B66578C}.Debug|Any CPU.Build.0 = Debug|Any CPU
		{706F980F-CAEF-42D2-89C1-728D8B66578C}.Debug|x64.ActiveCfg = Debug|Any CPU
		{706F980F-CAEF-42D2-89C1-728D8B66578C}.Debug|x64.Build.0 = Debug|Any CPU
		{706F980F-CAEF-42D2-89C1-728D8B66578C}.Debug|x86.ActiveCfg = Debug|Any CPU
		{706F980F-CAEF-42D2-89C1-728D8B66578C}.Debug|x86.Build.0 = Debug|Any CPU
		{706F980F-CAEF-42D2-89C1-728D8B66578C}.Release|Any CPU.ActiveCfg = Release|Any CPU
		{706F980F-CAEF-42D2-89C1-728D8B66578C}.Release|Any CPU.Build.0 = Release|Any CPU
		{706F980F-CAEF-42D2-89C1-728D8B66578C}.Release|x64.ActiveCfg = Release|Any CPU
		{706F980F-CAEF-42D2-89C1-728D8B66578C}.Release|x64.Build.0 = Release|Any CPU
		{706F980F-CAEF-42D2-89C1-728D8B66578C}.Release|x86.ActiveCfg = Release|Any CPU
		{706F980F-CAEF-42D2-89C1-728D8B66578C}.Release|x86.Build.0 = Release|Any CPU
		{BC6FC695-381A-4556-89A3-7918651E8D56}.Debug|Any CPU.ActiveCfg = Debug|Any CPU
		{BC6FC695-381A-4556-89A3-7918651E8D56}.Debug|Any CPU.Build.0 = Debug|Any CPU
		{BC6FC695-381A-4556-89A3-7918651E8D56}.Debug|x64.ActiveCfg = Debug|Any CPU
		{BC6FC695-381A-4556-89A3-7918651E8D56}.Debug|x64.Build.0 = Debug|Any CPU
		{BC6FC695-381A-4556-89A3-7918651E8D56}.Debug|x86.ActiveCfg = Debug|Any CPU
		{BC6FC695-381A-4556-89A3-7918651E8D56}.Debug|x86.Build.0 = Debug|Any CPU
		{BC6FC695-381A-4556-89A3-7918651E8D56}.Release|Any CPU.ActiveCfg = Release|Any CPU
		{BC6FC695-381A-4556-89A3-7918651E8D56}.Release|Any CPU.Build.0 = Release|Any CPU
		{BC6FC695-381A-4556-89A3-7918651E8D56}.Release|x64.ActiveCfg = Release|Any CPU
		{BC6FC695-381A-4556-89A3-7918651E8D56}.Release|x64.Build.0 = Release|Any CPU
		{BC6FC695-381A-4556-89A3-7918651E8D56}.Release|x86.ActiveCfg = Release|Any CPU
		{BC6FC695-381A-4556-89A3-7918651E8D56}.Release|x86.Build.0 = Release|Any CPU
		{B4BD67EE-8B90-408C-A0A9-D8F9B3265835}.Debug|Any CPU.ActiveCfg = Debug|Any CPU
		{B4BD67EE-8B90-408C-A0A9-D8F9B3265835}.Debug|Any CPU.Build.0 = Debug|Any CPU
		{B4BD67EE-8B90-408C-A0A9-D8F9B3265835}.Debug|x64.ActiveCfg = Debug|Any CPU
		{B4BD67EE-8B90-408C-A0A9-D8F9B3265835}.Debug|x64.Build.0 = Debug|Any CPU
		{B4BD67EE-8B90-408C-A0A9-D8F9B3265835}.Debug|x86.ActiveCfg = Debug|Any CPU
		{B4BD67EE-8B90-408C-A0A9-D8F9B3265835}.Debug|x86.Build.0 = Debug|Any CPU
		{B4BD67EE-8B90-408C-A0A9-D8F9B3265835}.Release|Any CPU.ActiveCfg = Release|Any CPU
		{B4BD67EE-8B90-408C-A0A9-D8F9B3265835}.Release|Any CPU.Build.0 = Release|Any CPU
		{B4BD67EE-8B90-408C-A0A9-D8F9B3265835}.Release|x64.ActiveCfg = Release|Any CPU
		{B4BD67EE-8B90-408C-A0A9-D8F9B3265835}.Release|x64.Build.0 = Release|Any CPU
		{B4BD67EE-8B90-408C-A0A9-D8F9B3265835}.Release|x86.ActiveCfg = Release|Any CPU
		{B4BD67EE-8B90-408C-A0A9-D8F9B3265835}.Release|x86.Build.0 = Release|Any CPU
		{28E7C367-EDC9-4B4B-AA07-C00369975ED3}.Debug|Any CPU.ActiveCfg = Debug|Any CPU
		{28E7C367-EDC9-4B4B-AA07-C00369975ED3}.Debug|Any CPU.Build.0 = Debug|Any CPU
		{28E7C367-EDC9-4B4B-AA07-C00369975ED3}.Debug|x64.ActiveCfg = Debug|Any CPU
		{28E7C367-EDC9-4B4B-AA07-C00369975ED3}.Debug|x64.Build.0 = Debug|Any CPU
		{28E7C367-EDC9-4B4B-AA07-C00369975ED3}.Debug|x86.ActiveCfg = Debug|Any CPU
		{28E7C367-EDC9-4B4B-AA07-C00369975ED3}.Debug|x86.Build.0 = Debug|Any CPU
		{28E7C367-EDC9-4B4B-AA07-C00369975ED3}.Release|Any CPU.ActiveCfg = Release|Any CPU
		{28E7C367-EDC9-4B4B-AA07-C00369975ED3}.Release|Any CPU.Build.0 = Release|Any CPU
		{28E7C367-EDC9-4B4B-AA07-C00369975ED3}.Release|x64.ActiveCfg = Release|Any CPU
		{28E7C367-EDC9-4B4B-AA07-C00369975ED3}.Release|x64.Build.0 = Release|Any CPU
		{28E7C367-EDC9-4B4B-AA07-C00369975ED3}.Release|x86.ActiveCfg = Release|Any CPU
		{28E7C367-EDC9-4B4B-AA07-C00369975ED3}.Release|x86.Build.0 = Release|Any CPU
		{2D914BFA-FD23-46C7-8132-782550F9AE71}.Debug|Any CPU.ActiveCfg = Debug|Any CPU
		{2D914BFA-FD23-46C7-8132-782550F9AE71}.Debug|Any CPU.Build.0 = Debug|Any CPU
		{2D914BFA-FD23-46C7-8132-782550F9AE71}.Debug|x64.ActiveCfg = Debug|Any CPU
		{2D914BFA-FD23-46C7-8132-782550F9AE71}.Debug|x64.Build.0 = Debug|Any CPU
		{2D914BFA-FD23-46C7-8132-782550F9AE71}.Debug|x86.ActiveCfg = Debug|Any CPU
		{2D914BFA-FD23-46C7-8132-782550F9AE71}.Debug|x86.Build.0 = Debug|Any CPU
		{2D914BFA-FD23-46C7-8132-782550F9AE71}.Release|Any CPU.ActiveCfg = Release|Any CPU
		{2D914BFA-FD23-46C7-8132-782550F9AE71}.Release|Any CPU.Build.0 = Release|Any CPU
		{2D914BFA-FD23-46C7-8132-782550F9AE71}.Release|x64.ActiveCfg = Release|Any CPU
		{2D914BFA-FD23-46C7-8132-782550F9AE71}.Release|x64.Build.0 = Release|Any CPU
		{2D914BFA-FD23-46C7-8132-782550F9AE71}.Release|x86.ActiveCfg = Release|Any CPU
		{2D914BFA-FD23-46C7-8132-782550F9AE71}.Release|x86.Build.0 = Release|Any CPU
		{338191E6-EE63-4735-8810-51941779A5FF}.Debug|Any CPU.ActiveCfg = Debug|Any CPU
		{338191E6-EE63-4735-8810-51941779A5FF}.Debug|Any CPU.Build.0 = Debug|Any CPU
		{338191E6-EE63-4735-8810-51941779A5FF}.Debug|x64.ActiveCfg = Debug|Any CPU
		{338191E6-EE63-4735-8810-51941779A5FF}.Debug|x64.Build.0 = Debug|Any CPU
		{338191E6-EE63-4735-8810-51941779A5FF}.Debug|x86.ActiveCfg = Debug|Any CPU
		{338191E6-EE63-4735-8810-51941779A5FF}.Debug|x86.Build.0 = Debug|Any CPU
		{338191E6-EE63-4735-8810-51941779A5FF}.Release|Any CPU.ActiveCfg = Release|Any CPU
		{338191E6-EE63-4735-8810-51941779A5FF}.Release|Any CPU.Build.0 = Release|Any CPU
		{338191E6-EE63-4735-8810-51941779A5FF}.Release|x64.ActiveCfg = Release|Any CPU
		{338191E6-EE63-4735-8810-51941779A5FF}.Release|x64.Build.0 = Release|Any CPU
		{338191E6-EE63-4735-8810-51941779A5FF}.Release|x86.ActiveCfg = Release|Any CPU
		{338191E6-EE63-4735-8810-51941779A5FF}.Release|x86.Build.0 = Release|Any CPU
		{5993287C-8663-4C13-8B6A-76F89FA1FC46}.Debug|Any CPU.ActiveCfg = Debug|Any CPU
		{5993287C-8663-4C13-8B6A-76F89FA1FC46}.Debug|Any CPU.Build.0 = Debug|Any CPU
		{5993287C-8663-4C13-8B6A-76F89FA1FC46}.Debug|x64.ActiveCfg = Debug|Any CPU
		{5993287C-8663-4C13-8B6A-76F89FA1FC46}.Debug|x64.Build.0 = Debug|Any CPU
		{5993287C-8663-4C13-8B6A-76F89FA1FC46}.Debug|x86.ActiveCfg = Debug|Any CPU
		{5993287C-8663-4C13-8B6A-76F89FA1FC46}.Debug|x86.Build.0 = Debug|Any CPU
		{5993287C-8663-4C13-8B6A-76F89FA1FC46}.Release|Any CPU.ActiveCfg = Release|Any CPU
		{5993287C-8663-4C13-8B6A-76F89FA1FC46}.Release|Any CPU.Build.0 = Release|Any CPU
		{5993287C-8663-4C13-8B6A-76F89FA1FC46}.Release|x64.ActiveCfg = Release|Any CPU
		{5993287C-8663-4C13-8B6A-76F89FA1FC46}.Release|x64.Build.0 = Release|Any CPU
		{5993287C-8663-4C13-8B6A-76F89FA1FC46}.Release|x86.ActiveCfg = Release|Any CPU
		{5993287C-8663-4C13-8B6A-76F89FA1FC46}.Release|x86.Build.0 = Release|Any CPU
		{7E3B3FAF-3895-466A-9753-64A64BB70FBE}.Debug|Any CPU.ActiveCfg = Debug|Any CPU
		{7E3B3FAF-3895-466A-9753-64A64BB70FBE}.Debug|Any CPU.Build.0 = Debug|Any CPU
		{7E3B3FAF-3895-466A-9753-64A64BB70FBE}.Debug|x64.ActiveCfg = Debug|Any CPU
		{7E3B3FAF-3895-466A-9753-64A64BB70FBE}.Debug|x64.Build.0 = Debug|Any CPU
		{7E3B3FAF-3895-466A-9753-64A64BB70FBE}.Debug|x86.ActiveCfg = Debug|Any CPU
		{7E3B3FAF-3895-466A-9753-64A64BB70FBE}.Debug|x86.Build.0 = Debug|Any CPU
		{7E3B3FAF-3895-466A-9753-64A64BB70FBE}.Release|Any CPU.ActiveCfg = Release|Any CPU
		{7E3B3FAF-3895-466A-9753-64A64BB70FBE}.Release|Any CPU.Build.0 = Release|Any CPU
		{7E3B3FAF-3895-466A-9753-64A64BB70FBE}.Release|x64.ActiveCfg = Release|Any CPU
		{7E3B3FAF-3895-466A-9753-64A64BB70FBE}.Release|x64.Build.0 = Release|Any CPU
		{7E3B3FAF-3895-466A-9753-64A64BB70FBE}.Release|x86.ActiveCfg = Release|Any CPU
		{7E3B3FAF-3895-466A-9753-64A64BB70FBE}.Release|x86.Build.0 = Release|Any CPU
	EndGlobalSection
	GlobalSection(SolutionProperties) = preSolution
		HideSolutionNode = FALSE
	EndGlobalSection
	GlobalSection(NestedProjects) = preSolution
		{A82731BF-B7BF-46F8-836E-3CF6BAEBCCFA} = {7CC55BEB-CE41-4631-87C9-146CB1FE309C}
		{9A6A08A5-D60D-4DA5-9A32-638E3C76194F} = {7CC55BEB-CE41-4631-87C9-146CB1FE309C}
		{C1A05E25-8DBA-4CA4-88D5-E28D69B76D13} = {CCA3C548-ABCE-47F0-A161-5045DEC0A297}
		{12E8BB19-F97F-4088-ADB3-AFAA5AE6F7B3} = {7CC55BEB-CE41-4631-87C9-146CB1FE309C}
		{7B3E978E-2FF3-4D66-8BCE-EFD716CA4523} = {7CC55BEB-CE41-4631-87C9-146CB1FE309C}
		{CC27CB5B-13CB-414E-8384-89582C048EE9} = {7CC55BEB-CE41-4631-87C9-146CB1FE309C}
		{3553B2D3-9BDC-4530-8C4E-695CBAEA5DC5} = {A8D5E38D-117C-444D-8767-D0DA823822AA}
		{251A2C04-7135-4968-9E9B-08EE61E5D74C} = {F8379F09-5E41-48AA-9643-047BD17B1CA7}
		{57BF15CB-6D63-4A08-A426-F9540E258465} = {251A2C04-7135-4968-9E9B-08EE61E5D74C}
		{BA4334E4-0992-4A5B-9AF5-EBB91DD5EC0A} = {F8379F09-5E41-48AA-9643-047BD17B1CA7}
		{680E3F3C-FA2B-48C7-81C3-A6119C340006} = {F8379F09-5E41-48AA-9643-047BD17B1CA7}
		{B3D8D064-E8B8-4673-A6C0-F6392DC2A444} = {F8379F09-5E41-48AA-9643-047BD17B1CA7}
		{8D00A21D-EF71-4CD2-BC63-CD97C9687695} = {B3D8D064-E8B8-4673-A6C0-F6392DC2A444}
		{61142209-2848-4FE6-8688-147830C105FC} = {2A5D8B91-A9CA-40FF-B821-5CE45A27312E}
		{72B86499-F876-4E0D-A215-2E1420848906} = {F9F655A9-54A3-4E3C-853F-EFA24615ED67}
		{06EA8A93-DD6A-41B4-817D-07A66AD7812A} = {F9F655A9-54A3-4E3C-853F-EFA24615ED67}
		{B41024AB-010C-4C4D-A307-7C6D8BB3380F} = {06EA8A93-DD6A-41B4-817D-07A66AD7812A}
		{04F558D1-BD80-41FC-8ABD-B7B968F7F5AE} = {72B86499-F876-4E0D-A215-2E1420848906}
		{1B6E60B1-8E92-48F8-A90A-642049A9E046} = {72B86499-F876-4E0D-A215-2E1420848906}
		{58B96215-FDBA-4FEA-ABD4-E4C7D66D2AE9} = {06EA8A93-DD6A-41B4-817D-07A66AD7812A}
		{9A43FFB2-76A1-41FC-86FE-C7962C56D376} = {61142209-2848-4FE6-8688-147830C105FC}
		{CFD772C9-5236-4354-AAAE-3A0C73FC8CCA} = {15D9A1B3-0821-4B3B-BAC8-352F4C1A1962}
		{4058A162-2785-4688-A007-B05828D28DED} = {F8379F09-5E41-48AA-9643-047BD17B1CA7}
		{706F980F-CAEF-42D2-89C1-728D8B66578C} = {4058A162-2785-4688-A007-B05828D28DED}
		{BC6FC695-381A-4556-89A3-7918651E8D56} = {8951FA15-B902-4090-8841-F5D07890F0D4}
		{B4BD67EE-8B90-408C-A0A9-D8F9B3265835} = {A8D5E38D-117C-444D-8767-D0DA823822AA}
		{28E7C367-EDC9-4B4B-AA07-C00369975ED3} = {9B3094E5-7038-4292-AEAB-B32C16232CA8}
		{2D914BFA-FD23-46C7-8132-782550F9AE71} = {CF9D7D6C-CE00-4D88-AD1C-B084BB35CA99}
		{338191E6-EE63-4735-8810-51941779A5FF} = {CF9D7D6C-CE00-4D88-AD1C-B084BB35CA99}
		{5993287C-8663-4C13-8B6A-76F89FA1FC46} = {CF9D7D6C-CE00-4D88-AD1C-B084BB35CA99}
		{7E3B3FAF-3895-466A-9753-64A64BB70FBE} = {0BE49855-23A1-46C9-BA6E-1B94ECF5F213}
	EndGlobalSection
	GlobalSection(ExtensibilityGlobals) = postSolution
		SolutionGuid = {09BBC227-F41B-4D10-9E38-0EEE07ED17BC}
	EndGlobalSection
EndGlobal
