
Microsoft Visual Studio Solution File, Format Version 12.00
# Visual Studio Version 17
VisualStudioVersion = 17.2.32526.322
MinimumVisualStudioVersion = 10.0.40219.1
Project("{9A19103F-16F7-4668-BE54-9A1E7A4F7556}") = "KitX Dashboard", "KitX Dashboard\KitX Dashboard.csproj", "{651854CB-880C-4581-9B3F-EBA5891B9967}"
EndProject
Project("{FAE04EC0-301F-11D3-BF4B-00C04F79EFBC}") = "KitX.Loader.WPF.Framework", "KitX Loaders\KitX.Loader.WPF.Framework\KitX.Loader.WPF.Framework.csproj", "{A82731BF-B7BF-46F8-836E-3CF6BAEBCCFA}"
EndProject
Project("{2150E333-8FDC-42A3-9474-1A3956D46DE8}") = "KitX Loaders", "KitX Loaders", "{7CC55BEB-CE41-4631-87C9-146CB1FE309C}"
EndProject
Project("{2150E333-8FDC-42A3-9474-1A3956D46DE8}") = "KitX Contracts", "KitX Contracts", "{CCA3C548-ABCE-47F0-A161-5045DEC0A297}"
EndProject
Project("{9A19103F-16F7-4668-BE54-9A1E7A4F7556}") = "KitX.Loader.WPF.Core", "KitX Loaders\KitX.Loader.WPF.Core\KitX.Loader.WPF.Core.csproj", "{9A6A08A5-D60D-4DA5-9A32-638E3C76194F}"
EndProject
Project("{9A19103F-16F7-4668-BE54-9A1E7A4F7556}") = "KitX.Contract.CSharp", "KitX Contracts\KitX.Contract.CSharp\KitX.Contract.CSharp.csproj", "{C1A05E25-8DBA-4CA4-88D5-E28D69B76D13}"
EndProject
Project("{FAE04EC0-301F-11D3-BF4B-00C04F79EFBC}") = "KitX.Loader.Winform.Framework", "KitX Loaders\KitX.Loader.Winform.Framework\KitX.Loader.Winform.Framework.csproj", "{12E8BB19-F97F-4088-ADB3-AFAA5AE6F7B3}"
EndProject
Project("{9A19103F-16F7-4668-BE54-9A1E7A4F7556}") = "KitX.Loader.Winform.Core", "KitX Loaders\KitX.Loader.Winform.Core\KitX.Loader.Winform.Core.csproj", "{7B3E978E-2FF3-4D66-8BCE-EFD716CA4523}"
EndProject
Project("{8BC9CEB8-8B4A-11D0-8D11-00A0C91BC942}") = "KitX.Loader.MSVC.Windows", "KitX Loaders\KitX.Loader.MSVC.Windows\KitX.Loader.MSVC.Windows.vcxproj", "{CC27CB5B-13CB-414E-8384-89582C048EE9}"
EndProject
Project("{2150E333-8FDC-42A3-9474-1A3956D46DE8}") = "KitX Official Plugins", "KitX Official Plugins", "{A8D5E38D-117C-444D-8767-D0DA823822AA}"
EndProject
Project("{9A19103F-16F7-4668-BE54-9A1E7A4F7556}") = "TestPlugin.WPF.Core", "KitX Official Plugins\TestPlugin.WPF.Core\TestPlugin.WPF.Core.csproj", "{3553B2D3-9BDC-4530-8C4E-695CBAEA5DC5}"
EndProject
Project("{9A19103F-16F7-4668-BE54-9A1E7A4F7556}") = "KitX.Web.Rules", "KitX Rules\KitX.Web.Rules\KitX.Web.Rules.csproj", "{DE06CA03-6DF5-4511-A43E-7197D4A9DB33}"
EndProject
Project("{2150E333-8FDC-42A3-9474-1A3956D46DE8}") = "KitX Rules", "KitX Rules", "{8951FA15-B902-4090-8841-F5D07890F0D4}"
EndProject
Project("{2150E333-8FDC-42A3-9474-1A3956D46DE8}") = "KitX Test", "KitX Test", "{F8379F09-5E41-48AA-9643-047BD17B1CA7}"
EndProject
Project("{2150E333-8FDC-42A3-9474-1A3956D46DE8}") = "KitX Rules", "KitX Rules", "{251A2C04-7135-4968-9E9B-08EE61E5D74C}"
EndProject
Project("{9A19103F-16F7-4668-BE54-9A1E7A4F7556}") = "KitX.Web.Rules.Test", "KitX Test\KitX Rules\KitX.Web.Rules.Test\KitX.Web.Rules.Test.csproj", "{57BF15CB-6D63-4A08-A426-F9540E258465}"
EndProject
Project("{2150E333-8FDC-42A3-9474-1A3956D46DE8}") = "KitX Loaders", "KitX Loaders", "{BA4334E4-0992-4A5B-9AF5-EBB91DD5EC0A}"
EndProject
Project("{2150E333-8FDC-42A3-9474-1A3956D46DE8}") = "KitX Official Plugins", "KitX Official Plugins", "{680E3F3C-FA2B-48C7-81C3-A6119C340006}"
EndProject
Project("{2150E333-8FDC-42A3-9474-1A3956D46DE8}") = "KitX Contracts", "KitX Contracts", "{B3D8D064-E8B8-4673-A6C0-F6392DC2A444}"
EndProject
Project("{2150E333-8FDC-42A3-9474-1A3956D46DE8}") = "Solution Items", "Solution Items", "{1BBE8A6D-740D-4252-ACF0-0AF4882DF8B5}"
	ProjectSection(SolutionItems) = preProject
		nuget.config = nuget.config
	EndProjectSection
EndProject
Project("{FAE04EC0-301F-11D3-BF4B-00C04F79EFBC}") = "KitX.Contract.CSharp.Test", "KitX Test\KitX Contracts\KitX.Contract.CSharp.Test\KitX.Contract.CSharp.Test.csproj", "{8D00A21D-EF71-4CD2-BC63-CD97C9687695}"
EndProject
Project("{2150E333-8FDC-42A3-9474-1A3956D46DE8}") = "解决方案项", "解决方案项", "{F9F655A9-54A3-4E3C-853F-EFA24615ED67}"
	ProjectSection(SolutionItems) = preProject
		.gitignore = .gitignore
		.gitlab-ci.yml = .gitlab-ci.yml
		branch.descr.py = branch.descr.py
		ChangeLog.md = ChangeLog.md
		clear.sh = clear.sh
		contributing.md = contributing.md
		LICENSE = LICENSE
		push-repos.json = push-repos.json
		README.md = README.md
	EndProjectSection
EndProject
Global
	GlobalSection(SolutionConfigurationPlatforms) = preSolution
		Debug|Any CPU = Debug|Any CPU
		Debug|x64 = Debug|x64
		Debug|x86 = Debug|x86
		Release|Any CPU = Release|Any CPU
		Release|x64 = Release|x64
		Release|x86 = Release|x86
	EndGlobalSection
	GlobalSection(ProjectConfigurationPlatforms) = postSolution
		{651854CB-880C-4581-9B3F-EBA5891B9967}.Debug|Any CPU.ActiveCfg = Debug|Any CPU
		{651854CB-880C-4581-9B3F-EBA5891B9967}.Debug|Any CPU.Build.0 = Debug|Any CPU
		{651854CB-880C-4581-9B3F-EBA5891B9967}.Debug|x64.ActiveCfg = Debug|Any CPU
		{651854CB-880C-4581-9B3F-EBA5891B9967}.Debug|x64.Build.0 = Debug|Any CPU
		{651854CB-880C-4581-9B3F-EBA5891B9967}.Debug|x86.ActiveCfg = Debug|Any CPU
		{651854CB-880C-4581-9B3F-EBA5891B9967}.Debug|x86.Build.0 = Debug|Any CPU
		{651854CB-880C-4581-9B3F-EBA5891B9967}.Release|Any CPU.ActiveCfg = Release|Any CPU
		{651854CB-880C-4581-9B3F-EBA5891B9967}.Release|Any CPU.Build.0 = Release|Any CPU
		{651854CB-880C-4581-9B3F-EBA5891B9967}.Release|x64.ActiveCfg = Release|Any CPU
		{651854CB-880C-4581-9B3F-EBA5891B9967}.Release|x64.Build.0 = Release|Any CPU
		{651854CB-880C-4581-9B3F-EBA5891B9967}.Release|x86.ActiveCfg = Release|Any CPU
		{651854CB-880C-4581-9B3F-EBA5891B9967}.Release|x86.Build.0 = Release|Any CPU
		{A82731BF-B7BF-46F8-836E-3CF6BAEBCCFA}.Debug|Any CPU.ActiveCfg = Debug|Any CPU
		{A82731BF-B7BF-46F8-836E-3CF6BAEBCCFA}.Debug|Any CPU.Build.0 = Debug|Any CPU
		{A82731BF-B7BF-46F8-836E-3CF6BAEBCCFA}.Debug|x64.ActiveCfg = Debug|Any CPU
		{A82731BF-B7BF-46F8-836E-3CF6BAEBCCFA}.Debug|x64.Build.0 = Debug|Any CPU
		{A82731BF-B7BF-46F8-836E-3CF6BAEBCCFA}.Debug|x86.ActiveCfg = Debug|Any CPU
		{A82731BF-B7BF-46F8-836E-3CF6BAEBCCFA}.Debug|x86.Build.0 = Debug|Any CPU
		{A82731BF-B7BF-46F8-836E-3CF6BAEBCCFA}.Release|Any CPU.ActiveCfg = Release|Any CPU
		{A82731BF-B7BF-46F8-836E-3CF6BAEBCCFA}.Release|Any CPU.Build.0 = Release|Any CPU
		{A82731BF-B7BF-46F8-836E-3CF6BAEBCCFA}.Release|x64.ActiveCfg = Release|Any CPU
		{A82731BF-B7BF-46F8-836E-3CF6BAEBCCFA}.Release|x64.Build.0 = Release|Any CPU
		{A82731BF-B7BF-46F8-836E-3CF6BAEBCCFA}.Release|x86.ActiveCfg = Release|Any CPU
		{A82731BF-B7BF-46F8-836E-3CF6BAEBCCFA}.Release|x86.Build.0 = Release|Any CPU
		{9A6A08A5-D60D-4DA5-9A32-638E3C76194F}.Debug|Any CPU.ActiveCfg = Debug|Any CPU
		{9A6A08A5-D60D-4DA5-9A32-638E3C76194F}.Debug|Any CPU.Build.0 = Debug|Any CPU
		{9A6A08A5-D60D-4DA5-9A32-638E3C76194F}.Debug|x64.ActiveCfg = Debug|Any CPU
		{9A6A08A5-D60D-4DA5-9A32-638E3C76194F}.Debug|x64.Build.0 = Debug|Any CPU
		{9A6A08A5-D60D-4DA5-9A32-638E3C76194F}.Debug|x86.ActiveCfg = Debug|Any CPU
		{9A6A08A5-D60D-4DA5-9A32-638E3C76194F}.Debug|x86.Build.0 = Debug|Any CPU
		{9A6A08A5-D60D-4DA5-9A32-638E3C76194F}.Release|Any CPU.ActiveCfg = Release|Any CPU
		{9A6A08A5-D60D-4DA5-9A32-638E3C76194F}.Release|Any CPU.Build.0 = Release|Any CPU
		{9A6A08A5-D60D-4DA5-9A32-638E3C76194F}.Release|x64.ActiveCfg = Release|Any CPU
		{9A6A08A5-D60D-4DA5-9A32-638E3C76194F}.Release|x64.Build.0 = Release|Any CPU
		{9A6A08A5-D60D-4DA5-9A32-638E3C76194F}.Release|x86.ActiveCfg = Release|Any CPU
		{9A6A08A5-D60D-4DA5-9A32-638E3C76194F}.Release|x86.Build.0 = Release|Any CPU
		{C1A05E25-8DBA-4CA4-88D5-E28D69B76D13}.Debug|Any CPU.ActiveCfg = Debug|Any CPU
		{C1A05E25-8DBA-4CA4-88D5-E28D69B76D13}.Debug|Any CPU.Build.0 = Debug|Any CPU
		{C1A05E25-8DBA-4CA4-88D5-E28D69B76D13}.Debug|x64.ActiveCfg = Debug|Any CPU
		{C1A05E25-8DBA-4CA4-88D5-E28D69B76D13}.Debug|x64.Build.0 = Debug|Any CPU
		{C1A05E25-8DBA-4CA4-88D5-E28D69B76D13}.Debug|x86.ActiveCfg = Debug|Any CPU
		{C1A05E25-8DBA-4CA4-88D5-E28D69B76D13}.Debug|x86.Build.0 = Debug|Any CPU
		{C1A05E25-8DBA-4CA4-88D5-E28D69B76D13}.Release|Any CPU.ActiveCfg = Release|Any CPU
		{C1A05E25-8DBA-4CA4-88D5-E28D69B76D13}.Release|Any CPU.Build.0 = Release|Any CPU
		{C1A05E25-8DBA-4CA4-88D5-E28D69B76D13}.Release|x64.ActiveCfg = Release|Any CPU
		{C1A05E25-8DBA-4CA4-88D5-E28D69B76D13}.Release|x64.Build.0 = Release|Any CPU
		{C1A05E25-8DBA-4CA4-88D5-E28D69B76D13}.Release|x86.ActiveCfg = Release|Any CPU
		{C1A05E25-8DBA-4CA4-88D5-E28D69B76D13}.Release|x86.Build.0 = Release|Any CPU
		{12E8BB19-F97F-4088-ADB3-AFAA5AE6F7B3}.Debug|Any CPU.ActiveCfg = Debug|Any CPU
		{12E8BB19-F97F-4088-ADB3-AFAA5AE6F7B3}.Debug|Any CPU.Build.0 = Debug|Any CPU
		{12E8BB19-F97F-4088-ADB3-AFAA5AE6F7B3}.Debug|x64.ActiveCfg = Debug|Any CPU
		{12E8BB19-F97F-4088-ADB3-AFAA5AE6F7B3}.Debug|x64.Build.0 = Debug|Any CPU
		{12E8BB19-F97F-4088-ADB3-AFAA5AE6F7B3}.Debug|x86.ActiveCfg = Debug|Any CPU
		{12E8BB19-F97F-4088-ADB3-AFAA5AE6F7B3}.Debug|x86.Build.0 = Debug|Any CPU
		{12E8BB19-F97F-4088-ADB3-AFAA5AE6F7B3}.Release|Any CPU.ActiveCfg = Release|Any CPU
		{12E8BB19-F97F-4088-ADB3-AFAA5AE6F7B3}.Release|Any CPU.Build.0 = Release|Any CPU
		{12E8BB19-F97F-4088-ADB3-AFAA5AE6F7B3}.Release|x64.ActiveCfg = Release|Any CPU
		{12E8BB19-F97F-4088-ADB3-AFAA5AE6F7B3}.Release|x64.Build.0 = Release|Any CPU
		{12E8BB19-F97F-4088-ADB3-AFAA5AE6F7B3}.Release|x86.ActiveCfg = Release|Any CPU
		{12E8BB19-F97F-4088-ADB3-AFAA5AE6F7B3}.Release|x86.Build.0 = Release|Any CPU
		{7B3E978E-2FF3-4D66-8BCE-EFD716CA4523}.Debug|Any CPU.ActiveCfg = Debug|Any CPU
		{7B3E978E-2FF3-4D66-8BCE-EFD716CA4523}.Debug|Any CPU.Build.0 = Debug|Any CPU
		{7B3E978E-2FF3-4D66-8BCE-EFD716CA4523}.Debug|x64.ActiveCfg = Debug|Any CPU
		{7B3E978E-2FF3-4D66-8BCE-EFD716CA4523}.Debug|x64.Build.0 = Debug|Any CPU
		{7B3E978E-2FF3-4D66-8BCE-EFD716CA4523}.Debug|x86.ActiveCfg = Debug|Any CPU
		{7B3E978E-2FF3-4D66-8BCE-EFD716CA4523}.Debug|x86.Build.0 = Debug|Any CPU
		{7B3E978E-2FF3-4D66-8BCE-EFD716CA4523}.Release|Any CPU.ActiveCfg = Release|Any CPU
		{7B3E978E-2FF3-4D66-8BCE-EFD716CA4523}.Release|Any CPU.Build.0 = Release|Any CPU
		{7B3E978E-2FF3-4D66-8BCE-EFD716CA4523}.Release|x64.ActiveCfg = Release|Any CPU
		{7B3E978E-2FF3-4D66-8BCE-EFD716CA4523}.Release|x64.Build.0 = Release|Any CPU
		{7B3E978E-2FF3-4D66-8BCE-EFD716CA4523}.Release|x86.ActiveCfg = Release|Any CPU
		{7B3E978E-2FF3-4D66-8BCE-EFD716CA4523}.Release|x86.Build.0 = Release|Any CPU
		{CC27CB5B-13CB-414E-8384-89582C048EE9}.Debug|Any CPU.ActiveCfg = Debug|x64
		{CC27CB5B-13CB-414E-8384-89582C048EE9}.Debug|Any CPU.Build.0 = Debug|x64
		{CC27CB5B-13CB-414E-8384-89582C048EE9}.Debug|x64.ActiveCfg = Debug|x64
		{CC27CB5B-13CB-414E-8384-89582C048EE9}.Debug|x64.Build.0 = Debug|x64
		{CC27CB5B-13CB-414E-8384-89582C048EE9}.Debug|x86.ActiveCfg = Debug|Win32
		{CC27CB5B-13CB-414E-8384-89582C048EE9}.Debug|x86.Build.0 = Debug|Win32
		{CC27CB5B-13CB-414E-8384-89582C048EE9}.Release|Any CPU.ActiveCfg = Release|x64
		{CC27CB5B-13CB-414E-8384-89582C048EE9}.Release|Any CPU.Build.0 = Release|x64
		{CC27CB5B-13CB-414E-8384-89582C048EE9}.Release|x64.ActiveCfg = Release|x64
		{CC27CB5B-13CB-414E-8384-89582C048EE9}.Release|x64.Build.0 = Release|x64
		{CC27CB5B-13CB-414E-8384-89582C048EE9}.Release|x86.ActiveCfg = Release|Win32
		{CC27CB5B-13CB-414E-8384-89582C048EE9}.Release|x86.Build.0 = Release|Win32
		{3553B2D3-9BDC-4530-8C4E-695CBAEA5DC5}.Debug|Any CPU.ActiveCfg = Debug|Any CPU
		{3553B2D3-9BDC-4530-8C4E-695CBAEA5DC5}.Debug|Any CPU.Build.0 = Debug|Any CPU
		{3553B2D3-9BDC-4530-8C4E-695CBAEA5DC5}.Debug|x64.ActiveCfg = Debug|Any CPU
		{3553B2D3-9BDC-4530-8C4E-695CBAEA5DC5}.Debug|x64.Build.0 = Debug|Any CPU
		{3553B2D3-9BDC-4530-8C4E-695CBAEA5DC5}.Debug|x86.ActiveCfg = Debug|Any CPU
		{3553B2D3-9BDC-4530-8C4E-695CBAEA5DC5}.Debug|x86.Build.0 = Debug|Any CPU
		{3553B2D3-9BDC-4530-8C4E-695CBAEA5DC5}.Release|Any CPU.ActiveCfg = Release|Any CPU
		{3553B2D3-9BDC-4530-8C4E-695CBAEA5DC5}.Release|Any CPU.Build.0 = Release|Any CPU
		{3553B2D3-9BDC-4530-8C4E-695CBAEA5DC5}.Release|x64.ActiveCfg = Release|Any CPU
		{3553B2D3-9BDC-4530-8C4E-695CBAEA5DC5}.Release|x64.Build.0 = Release|Any CPU
		{3553B2D3-9BDC-4530-8C4E-695CBAEA5DC5}.Release|x86.ActiveCfg = Release|Any CPU
		{3553B2D3-9BDC-4530-8C4E-695CBAEA5DC5}.Release|x86.Build.0 = Release|Any CPU
		{DE06CA03-6DF5-4511-A43E-7197D4A9DB33}.Debug|Any CPU.ActiveCfg = Debug|Any CPU
		{DE06CA03-6DF5-4511-A43E-7197D4A9DB33}.Debug|Any CPU.Build.0 = Debug|Any CPU
		{DE06CA03-6DF5-4511-A43E-7197D4A9DB33}.Debug|x64.ActiveCfg = Debug|Any CPU
		{DE06CA03-6DF5-4511-A43E-7197D4A9DB33}.Debug|x64.Build.0 = Debug|Any CPU
		{DE06CA03-6DF5-4511-A43E-7197D4A9DB33}.Debug|x86.ActiveCfg = Debug|Any CPU
		{DE06CA03-6DF5-4511-A43E-7197D4A9DB33}.Debug|x86.Build.0 = Debug|Any CPU
		{DE06CA03-6DF5-4511-A43E-7197D4A9DB33}.Release|Any CPU.ActiveCfg = Release|Any CPU
		{DE06CA03-6DF5-4511-A43E-7197D4A9DB33}.Release|Any CPU.Build.0 = Release|Any CPU
		{DE06CA03-6DF5-4511-A43E-7197D4A9DB33}.Release|x64.ActiveCfg = Release|Any CPU
		{DE06CA03-6DF5-4511-A43E-7197D4A9DB33}.Release|x64.Build.0 = Release|Any CPU
		{DE06CA03-6DF5-4511-A43E-7197D4A9DB33}.Release|x86.ActiveCfg = Release|Any CPU
		{DE06CA03-6DF5-4511-A43E-7197D4A9DB33}.Release|x86.Build.0 = Release|Any CPU
		{57BF15CB-6D63-4A08-A426-F9540E258465}.Debug|Any CPU.ActiveCfg = Debug|Any CPU
		{57BF15CB-6D63-4A08-A426-F9540E258465}.Debug|Any CPU.Build.0 = Debug|Any CPU
		{57BF15CB-6D63-4A08-A426-F9540E258465}.Debug|x64.ActiveCfg = Debug|Any CPU
		{57BF15CB-6D63-4A08-A426-F9540E258465}.Debug|x64.Build.0 = Debug|Any CPU
		{57BF15CB-6D63-4A08-A426-F9540E258465}.Debug|x86.ActiveCfg = Debug|Any CPU
		{57BF15CB-6D63-4A08-A426-F9540E258465}.Debug|x86.Build.0 = Debug|Any CPU
		{57BF15CB-6D63-4A08-A426-F9540E258465}.Release|Any CPU.ActiveCfg = Release|Any CPU
		{57BF15CB-6D63-4A08-A426-F9540E258465}.Release|Any CPU.Build.0 = Release|Any CPU
		{57BF15CB-6D63-4A08-A426-F9540E258465}.Release|x64.ActiveCfg = Release|Any CPU
		{57BF15CB-6D63-4A08-A426-F9540E258465}.Release|x64.Build.0 = Release|Any CPU
		{57BF15CB-6D63-4A08-A426-F9540E258465}.Release|x86.ActiveCfg = Release|Any CPU
		{57BF15CB-6D63-4A08-A426-F9540E258465}.Release|x86.Build.0 = Release|Any CPU
		{8D00A21D-EF71-4CD2-BC63-CD97C9687695}.Debug|Any CPU.ActiveCfg = Debug|Any CPU
		{8D00A21D-EF71-4CD2-BC63-CD97C9687695}.Debug|Any CPU.Build.0 = Debug|Any CPU
		{8D00A21D-EF71-4CD2-BC63-CD97C9687695}.Debug|x64.ActiveCfg = Debug|Any CPU
		{8D00A21D-EF71-4CD2-BC63-CD97C9687695}.Debug|x64.Build.0 = Debug|Any CPU
		{8D00A21D-EF71-4CD2-BC63-CD97C9687695}.Debug|x86.ActiveCfg = Debug|Any CPU
		{8D00A21D-EF71-4CD2-BC63-CD97C9687695}.Debug|x86.Build.0 = Debug|Any CPU
		{8D00A21D-EF71-4CD2-BC63-CD97C9687695}.Release|Any CPU.ActiveCfg = Release|Any CPU
		{8D00A21D-EF71-4CD2-BC63-CD97C9687695}.Release|Any CPU.Build.0 = Release|Any CPU
		{8D00A21D-EF71-4CD2-BC63-CD97C9687695}.Release|x64.ActiveCfg = Release|Any CPU
		{8D00A21D-EF71-4CD2-BC63-CD97C9687695}.Release|x64.Build.0 = Release|Any CPU
		{8D00A21D-EF71-4CD2-BC63-CD97C9687695}.Release|x86.ActiveCfg = Release|Any CPU
		{8D00A21D-EF71-4CD2-BC63-CD97C9687695}.Release|x86.Build.0 = Release|Any CPU
	EndGlobalSection
	GlobalSection(SolutionProperties) = preSolution
		HideSolutionNode = FALSE
	EndGlobalSection
	GlobalSection(NestedProjects) = preSolution
		{A82731BF-B7BF-46F8-836E-3CF6BAEBCCFA} = {7CC55BEB-CE41-4631-87C9-146CB1FE309C}
		{9A6A08A5-D60D-4DA5-9A32-638E3C76194F} = {7CC55BEB-CE41-4631-87C9-146CB1FE309C}
		{C1A05E25-8DBA-4CA4-88D5-E28D69B76D13} = {CCA3C548-ABCE-47F0-A161-5045DEC0A297}
		{12E8BB19-F97F-4088-ADB3-AFAA5AE6F7B3} = {7CC55BEB-CE41-4631-87C9-146CB1FE309C}
		{7B3E978E-2FF3-4D66-8BCE-EFD716CA4523} = {7CC55BEB-CE41-4631-87C9-146CB1FE309C}
		{CC27CB5B-13CB-414E-8384-89582C048EE9} = {7CC55BEB-CE41-4631-87C9-146CB1FE309C}
		{3553B2D3-9BDC-4530-8C4E-695CBAEA5DC5} = {A8D5E38D-117C-444D-8767-D0DA823822AA}
		{DE06CA03-6DF5-4511-A43E-7197D4A9DB33} = {8951FA15-B902-4090-8841-F5D07890F0D4}
		{251A2C04-7135-4968-9E9B-08EE61E5D74C} = {F8379F09-5E41-48AA-9643-047BD17B1CA7}
		{57BF15CB-6D63-4A08-A426-F9540E258465} = {251A2C04-7135-4968-9E9B-08EE61E5D74C}
		{BA4334E4-0992-4A5B-9AF5-EBB91DD5EC0A} = {F8379F09-5E41-48AA-9643-047BD17B1CA7}
		{680E3F3C-FA2B-48C7-81C3-A6119C340006} = {F8379F09-5E41-48AA-9643-047BD17B1CA7}
		{B3D8D064-E8B8-4673-A6C0-F6392DC2A444} = {F8379F09-5E41-48AA-9643-047BD17B1CA7}
		{8D00A21D-EF71-4CD2-BC63-CD97C9687695} = {B3D8D064-E8B8-4673-A6C0-F6392DC2A444}
	EndGlobalSection
	GlobalSection(ExtensibilityGlobals) = postSolution
		SolutionGuid = {09BBC227-F41B-4D10-9E38-0EEE07ED17BC}
	EndGlobalSection
EndGlobal
