
Microsoft Visual Studio Solution File, Format Version 12.00
# Visual Studio Version 17
VisualStudioVersion = 17.2.32526.322
MinimumVisualStudioVersion = 10.0.40219.1
Project("{2150E333-8FDC-42A3-9474-1A3956D46DE8}") = "Solution Items", "Solution Items", "{1BBE8A6D-740D-4252-ACF0-0AF4882DF8B5}"
	ProjectSection(SolutionItems) = preProject
		.editorconfig = .editorconfig
		.gitignore = .gitignore
		.gitmodules = .gitmodules
		BUSINESS-LICENSE = BUSINESS-LICENSE
		ChangeLog.md = ChangeLog.md
		commit-template.txt = commit-template.txt
		LICENSE = LICENSE
		nuget.config = nuget.config
		README.md = README.md
	EndProjectSection
EndProject
Project("{2150E333-8FDC-42A3-9474-1A3956D46DE8}") = "Reference", "Reference", "{F021B1E7-44AC-469B-AB4D-36541902C694}"
EndProject
Project("{9A19103F-16F7-4668-BE54-9A1E7A4F7556}") = "Common.BasicHelper", "Reference\Common.BasicHelper\Common.BasicHelper\Common.BasicHelper.csproj", "{49D65EC4-726F-4A7A-A9FF-3CFC9EF2E7D5}"
EndProject
Project("{9A19103F-16F7-4668-BE54-9A1E7A4F7556}") = "Common.Update.Checker", "Reference\Common.Update\Common.Update.Checker\Common.Update.Checker.csproj", "{F926585B-E9EC-4158-857E-E6310C70DCEE}"
EndProject
Project("{9A19103F-16F7-4668-BE54-9A1E7A4F7556}") = "Common.Update.Manual", "Reference\Common.Update\Common.Update.Manual\Common.Update.Manual.csproj", "{80C5352A-5ECD-4CC1-B6B2-033E624524DA}"
EndProject
Project("{9A19103F-16F7-4668-BE54-9A1E7A4F7556}") = "Common.Update.Replacer", "Reference\Common.Update\Common.Update.Replacer\Common.Update.Replacer.csproj", "{00E4BCFB-9FBC-44BC-8AA5-3A24E790B23F}"
EndProject
Project("{9A19103F-16F7-4668-BE54-9A1E7A4F7556}") = "Common.Activity", "Reference\Common.Activity\Common.Activity\Common.Activity.csproj", "{C2489F7B-49C0-418C-8A63-0A6C134A3E08}"
EndProject
Project("{2150E333-8FDC-42A3-9474-1A3956D46DE8}") = "KitX Clients", "KitX Clients", "{673CF32C-65BF-4EB3-83D3-47FEC77B47A0}"
EndProject
Project("{2150E333-8FDC-42A3-9474-1A3956D46DE8}") = "KitX Standard", "KitX Standard", "{37E33B90-88B7-4404-9D42-D672A2916E6C}"
	ProjectSection(SolutionItems) = preProject
		KitX Standard\.gitignore = KitX Standard\.gitignore
		KitX Standard\LICENSE = KitX Standard\LICENSE
		KitX Standard\README.md = KitX Standard\README.md
	EndProjectSection
EndProject
Project("{2150E333-8FDC-42A3-9474-1A3956D46DE8}") = "KitX SDK", "KitX SDK", "{69E9C41D-1848-4F9F-8C9C-0CAC1C167336}"
	ProjectSection(SolutionItems) = preProject
		KitX SDK\.gitignore = KitX SDK\.gitignore
		KitX SDK\.gitmodules = KitX SDK\.gitmodules
		KitX SDK\LICENSE = KitX SDK\LICENSE
		KitX SDK\README.md = KitX SDK\README.md
	EndProjectSection
EndProject
Project("{2150E333-8FDC-42A3-9474-1A3956D46DE8}") = "KitX Dashboard", "KitX Dashboard", "{0194E969-1457-4C16-AFAB-D2753DFA07F0}"
	ProjectSection(SolutionItems) = preProject
		KitX Clients\KitX Dashboard\.gitignore = KitX Clients\KitX Dashboard\.gitignore
		KitX Clients\KitX Dashboard\LICENSE = KitX Clients\KitX Dashboard\LICENSE
		KitX Clients\KitX Dashboard\README.md = KitX Clients\KitX Dashboard\README.md
	EndProjectSection
EndProject
Project("{2150E333-8FDC-42A3-9474-1A3956D46DE8}") = "KitX Contracts", "KitX Contracts", "{42654B2B-4B5A-4B78-BC0A-8D3B3D82EC9A}"
	ProjectSection(SolutionItems) = preProject
		KitX Standard\KitX Contracts\README.md = KitX Standard\KitX Contracts\README.md
	EndProjectSection
EndProject
Project("{2150E333-8FDC-42A3-9474-1A3956D46DE8}") = "KitX Script", "KitX Script", "{7C64F32B-E1EE-45F7-94A7-DA2AD9288249}"
EndProject
Project("{9A19103F-16F7-4668-BE54-9A1E7A4F7556}") = "KitX.Contract.CSharp", "KitX Standard\KitX Contracts\KitX.Contract.CSharp\KitX.Contract.CSharp.csproj", "{611E6974-2F22-4FBD-B4B2-E8EE5AE53436}"
EndProject
Project("{9A19103F-16F7-4668-BE54-9A1E7A4F7556}") = "Kscript.Compiler", "KitX Standard\KitX Script\Kscript.Compiler\Kscript.Compiler.csproj", "{BA3762A1-C81E-4406-940B-AE38D2E854D3}"
EndProject
Project("{9A19103F-16F7-4668-BE54-9A1E7A4F7556}") = "Kscript.Parser", "KitX Standard\KitX Script\Kscript.Parser\Kscript.Parser.csproj", "{FD951D65-861E-4605-BC09-D8D3271BE23A}"
EndProject
Project("{9A19103F-16F7-4668-BE54-9A1E7A4F7556}") = "Kscript.VM", "KitX Standard\KitX Script\Kscript.VM\Kscript.VM.csproj", "{1F197599-4C38-43A5-A6AD-C218DE17F5F6}"
EndProject
Project("{9A19103F-16F7-4668-BE54-9A1E7A4F7556}") = "KitX.Dashboard.Assets", "KitX Clients\KitX Dashboard\KitX Dashboard Assets\KitX.Dashboard.Assets.csproj", "{0C15E76A-DCAE-4D5E-B260-2E9844042D45}"
EndProject
Project("{9A19103F-16F7-4668-BE54-9A1E7A4F7556}") = "KitX.Dashboard.Fonts", "KitX Clients\KitX Dashboard\KitX Dashboard Fonts\KitX.Dashboard.Fonts.csproj", "{CDA241F5-7B84-498D-BF29-01D71BF5A154}"
EndProject
Project("{9A19103F-16F7-4668-BE54-9A1E7A4F7556}") = "KitX.Dashboard.RepairTool", "KitX Clients\KitX Dashboard\KitX Dashboard Repair Tool\KitX.Dashboard.RepairTool.csproj", "{FEE074E3-AF1C-4C13-AF0E-D60D60C624F5}"
EndProject
Project("{9A19103F-16F7-4668-BE54-9A1E7A4F7556}") = "KitX.Dashboard.Updater", "KitX Clients\KitX Dashboard\KitX Dashboard Updater\KitX.Dashboard.Updater.csproj", "{B5C3F95C-F206-438A-BC87-ABEE1F0E0E99}"
EndProject
Project("{2150E333-8FDC-42A3-9474-1A3956D46DE8}") = "Reference", "Reference", "{E7AA1C4E-2766-4131-B18A-EF986AB45D19}"
EndProject
Project("{2150E333-8FDC-42A3-9474-1A3956D46DE8}") = "XamlMultiLanguageEditor", "XamlMultiLanguageEditor", "{CC0FBC12-F30C-480E-8FCA-A0382FB4F167}"
EndProject
Project("{9A19103F-16F7-4668-BE54-9A1E7A4F7556}") = "XamlMultiLanguageEditor.Winform", "KitX SDK\Reference\XamlMultiLanguageEditor\XamlMultiLanguageEditor.Winform\XamlMultiLanguageEditor.Winform.csproj", "{1CA8F49B-F083-47A1-BA93-6C5A4A25938E}"
EndProject
Project("{9A19103F-16F7-4668-BE54-9A1E7A4F7556}") = "KitX.Dashboard", "KitX Clients\KitX Dashboard\KitX Dashboard\KitX.Dashboard.csproj", "{1DA8715C-E5A1-40CC-9C6C-F39E90A0C3E7}"
EndProject
Project("{2150E333-8FDC-42A3-9474-1A3956D46DE8}") = "KitX Loaders", "KitX Loaders", "{D6625876-40E0-4222-A6A9-4449BCA61D60}"
	ProjectSection(SolutionItems) = preProject
		KitX SDK\KitX Loaders\.gitignore = KitX SDK\KitX Loaders\.gitignore
		KitX SDK\KitX Loaders\LICENSE = KitX SDK\KitX Loaders\LICENSE
		KitX SDK\KitX Loaders\README.md = KitX SDK\KitX Loaders\README.md
	EndProjectSection
EndProject
Project("{2150E333-8FDC-42A3-9474-1A3956D46DE8}") = "KitX Plugins", "KitX Plugins", "{447D9264-1F5D-4E66-801A-C43CA36B8D4F}"
	ProjectSection(SolutionItems) = preProject
		KitX SDK\KitX Plugins\.gitignore = KitX SDK\KitX Plugins\.gitignore
		KitX SDK\KitX Plugins\LICENSE = KitX SDK\KitX Plugins\LICENSE
		KitX SDK\KitX Plugins\README.md = KitX SDK\KitX Plugins\README.md
	EndProjectSection
EndProject
Project("{9A19103F-16F7-4668-BE54-9A1E7A4F7556}") = "KitX.Loader.CSharp", "KitX SDK\KitX Loaders\KitX.Loader.CSharp\KitX.Loader.CSharp.csproj", "{5A8A4A32-653E-4DC5-99CB-5F1E59737835}"
EndProject
Project("{9A19103F-16F7-4668-BE54-9A1E7A4F7556}") = "KitX.Loader.WPF.Core", "KitX SDK\KitX Loaders\KitX.Loader.WPF.Core\KitX.Loader.WPF.Core.csproj", "{86D76F32-FAA4-40B4-A13E-8012914D7584}"
EndProject
Project("{9A19103F-16F7-4668-BE54-9A1E7A4F7556}") = "KitX.Loader.Winform.Core", "KitX SDK\KitX Loaders\KitX.Loader.Winform.Core\KitX.Loader.Winform.Core.csproj", "{DCA4D799-1C34-40BE-BB3D-BA46EE81265F}"
EndProject
Project("{9A19103F-16F7-4668-BE54-9A1E7A4F7556}") = "TestPlugin.CSharp", "KitX SDK\KitX Plugins\TestPlugin.CSharp\TestPlugin.CSharp.csproj", "{CE84BF72-98C0-41A1-828B-1B09FB6C47B3}"
EndProject
Project("{9A19103F-16F7-4668-BE54-9A1E7A4F7556}") = "TestPlugin.Winform.Core", "KitX SDK\KitX Plugins\TestPlugin.Winform.Core\TestPlugin.Winform.Core.csproj", "{21365AC3-9A36-4014-B9D0-A427C17E600D}"
EndProject
Project("{9A19103F-16F7-4668-BE54-9A1E7A4F7556}") = "TestPlugin.WPF.Core", "KitX SDK\KitX Plugins\TestPlugin.WPF.Core\TestPlugin.WPF.Core.csproj", "{73C9C918-2222-4425-9214-887BED47C77F}"
EndProject
Project("{9A19103F-16F7-4668-BE54-9A1E7A4F7556}") = "Csharpell", "Reference\CSharpell\Csharpell\Csharpell.csproj", "{657F7502-43A9-4FC0-8026-1C8F2D103DBA}"
EndProject
Project("{9A19103F-16F7-4668-BE54-9A1E7A4F7556}") = "Csharpell.Core", "Reference\CSharpell\Csharpell.Core\Csharpell.Core.csproj", "{C161612B-8AE2-4F1C-A29E-875C411F31D1}"
EndProject
Project("{2150E333-8FDC-42A3-9474-1A3956D46DE8}") = "KitX File Formats", "KitX File Formats", "{A0152BF5-A875-40C0-BD57-D99DDCDB5D4C}"
EndProject
Project("{2150E333-8FDC-42A3-9474-1A3956D46DE8}") = "KitX Shared", "KitX Shared", "{21B43003-7DC5-4D0F-8097-0D0854BFD20D}"
EndProject
Project("{9A19103F-16F7-4668-BE54-9A1E7A4F7556}") = "KitX.Shared.CSharp", "KitX Standard\KitX Shared\KitX.Shared.CSharp\KitX.Shared.CSharp.csproj", "{B5E52F06-2E2A-4EF7-A56B-DAFD8B7DFC7E}"
EndProject
Project("{9A19103F-16F7-4668-BE54-9A1E7A4F7556}") = "KitX.FileFormats.CSharp", "KitX Standard\KitX File Formats\KitX.FileFormats.CSharp\KitX.FileFormats.CSharp.csproj", "{78983ECE-5252-41C1-A8B3-6835FAF415F3}"
EndProject
Project("{2150E333-8FDC-42A3-9474-1A3956D46DE8}") = "Generators", "Generators", "{FF0F9B42-7FFA-4113-AD0E-15955D89BFEA}"
EndProject
Project("{9A19103F-16F7-4668-BE54-9A1E7A4F7556}") = "KitX.Sdk.Generators.CSharp", "KitX SDK\Generators\KitX.Sdk.Generators.CSharp\KitX.Sdk.Generators.CSharp.csproj", "{DD575EF3-DF09-40A1-A89A-AB775D65A423}"
EndProject
Project("{2150E333-8FDC-42A3-9474-1A3956D46DE8}") = "Units", "Units", "{2E7D2566-EAFF-4921-A312-88CF0ABC40E6}"
EndProject
Project("{9A19103F-16F7-4668-BE54-9A1E7A4F7556}") = "SyncCodes", "KitX SDK\Utils\SyncCodes\SyncCodes.csproj", "{4D8ED1CF-E2FF-4666-88D5-7D5300014301}"
EndProject
Project("{FAE04EC0-301F-11D3-BF4B-00C04F79EFBC}") = "KitX.Cheese", ".cheese\KitX.Cheese.csproj", "{4FF6F614-F88E-4621-9A30-F6A75873218D}"
EndProject
Project("{2150E333-8FDC-42A3-9474-1A3956D46DE8}") = "Specific", "Specific", "{B2234097-D037-4126-9CC0-F7ECF3FEEEA5}"
EndProject
Project("{FAE04EC0-301F-11D3-BF4B-00C04F79EFBC}") = "KitX.Dashboard.Specific.MsWindows", "KitX Clients\KitX Dashboard\Specific\KitX Dashboard Specific MsWindows\KitX.Dashboard.Specific.MsWindows.csproj", "{91F13EBC-53CE-4032-AAFC-268E90C32E5F}"
EndProject
Global
	GlobalSection(SolutionConfigurationPlatforms) = preSolution
		Debug|Any CPU = Debug|Any CPU
		Debug|ARM = Debug|ARM
		Debug|ARM64 = Debug|ARM64
		Debug|x64 = Debug|x64
		Debug|x86 = Debug|x86
		Release|Any CPU = Release|Any CPU
		Release|ARM = Release|ARM
		Release|ARM64 = Release|ARM64
		Release|x64 = Release|x64
		Release|x86 = Release|x86
	EndGlobalSection
	GlobalSection(ProjectConfigurationPlatforms) = postSolution
		{49D65EC4-726F-4A7A-A9FF-3CFC9EF2E7D5}.Debug|Any CPU.ActiveCfg = Debug|Any CPU
		{49D65EC4-726F-4A7A-A9FF-3CFC9EF2E7D5}.Debug|Any CPU.Build.0 = Debug|Any CPU
		{49D65EC4-726F-4A7A-A9FF-3CFC9EF2E7D5}.Debug|ARM.ActiveCfg = Debug|Any CPU
		{49D65EC4-726F-4A7A-A9FF-3CFC9EF2E7D5}.Debug|ARM.Build.0 = Debug|Any CPU
		{49D65EC4-726F-4A7A-A9FF-3CFC9EF2E7D5}.Debug|ARM64.ActiveCfg = Debug|Any CPU
		{49D65EC4-726F-4A7A-A9FF-3CFC9EF2E7D5}.Debug|ARM64.Build.0 = Debug|Any CPU
		{49D65EC4-726F-4A7A-A9FF-3CFC9EF2E7D5}.Debug|x64.ActiveCfg = Debug|Any CPU
		{49D65EC4-726F-4A7A-A9FF-3CFC9EF2E7D5}.Debug|x64.Build.0 = Debug|Any CPU
		{49D65EC4-726F-4A7A-A9FF-3CFC9EF2E7D5}.Debug|x86.ActiveCfg = Debug|Any CPU
		{49D65EC4-726F-4A7A-A9FF-3CFC9EF2E7D5}.Debug|x86.Build.0 = Debug|Any CPU
		{49D65EC4-726F-4A7A-A9FF-3CFC9EF2E7D5}.Release|Any CPU.ActiveCfg = Release|Any CPU
		{49D65EC4-726F-4A7A-A9FF-3CFC9EF2E7D5}.Release|Any CPU.Build.0 = Release|Any CPU
		{49D65EC4-726F-4A7A-A9FF-3CFC9EF2E7D5}.Release|ARM.ActiveCfg = Release|Any CPU
		{49D65EC4-726F-4A7A-A9FF-3CFC9EF2E7D5}.Release|ARM.Build.0 = Release|Any CPU
		{49D65EC4-726F-4A7A-A9FF-3CFC9EF2E7D5}.Release|ARM64.ActiveCfg = Release|Any CPU
		{49D65EC4-726F-4A7A-A9FF-3CFC9EF2E7D5}.Release|ARM64.Build.0 = Release|Any CPU
		{49D65EC4-726F-4A7A-A9FF-3CFC9EF2E7D5}.Release|x64.ActiveCfg = Release|Any CPU
		{49D65EC4-726F-4A7A-A9FF-3CFC9EF2E7D5}.Release|x64.Build.0 = Release|Any CPU
		{49D65EC4-726F-4A7A-A9FF-3CFC9EF2E7D5}.Release|x86.ActiveCfg = Release|Any CPU
		{49D65EC4-726F-4A7A-A9FF-3CFC9EF2E7D5}.Release|x86.Build.0 = Release|Any CPU
		{F926585B-E9EC-4158-857E-E6310C70DCEE}.Debug|Any CPU.ActiveCfg = Debug|Any CPU
		{F926585B-E9EC-4158-857E-E6310C70DCEE}.Debug|Any CPU.Build.0 = Debug|Any CPU
		{F926585B-E9EC-4158-857E-E6310C70DCEE}.Debug|ARM.ActiveCfg = Debug|Any CPU
		{F926585B-E9EC-4158-857E-E6310C70DCEE}.Debug|ARM.Build.0 = Debug|Any CPU
		{F926585B-E9EC-4158-857E-E6310C70DCEE}.Debug|ARM64.ActiveCfg = Debug|Any CPU
		{F926585B-E9EC-4158-857E-E6310C70DCEE}.Debug|ARM64.Build.0 = Debug|Any CPU
		{F926585B-E9EC-4158-857E-E6310C70DCEE}.Debug|x64.ActiveCfg = Debug|Any CPU
		{F926585B-E9EC-4158-857E-E6310C70DCEE}.Debug|x64.Build.0 = Debug|Any CPU
		{F926585B-E9EC-4158-857E-E6310C70DCEE}.Debug|x86.ActiveCfg = Debug|Any CPU
		{F926585B-E9EC-4158-857E-E6310C70DCEE}.Debug|x86.Build.0 = Debug|Any CPU
		{F926585B-E9EC-4158-857E-E6310C70DCEE}.Release|Any CPU.ActiveCfg = Release|Any CPU
		{F926585B-E9EC-4158-857E-E6310C70DCEE}.Release|Any CPU.Build.0 = Release|Any CPU
		{F926585B-E9EC-4158-857E-E6310C70DCEE}.Release|ARM.ActiveCfg = Release|Any CPU
		{F926585B-E9EC-4158-857E-E6310C70DCEE}.Release|ARM.Build.0 = Release|Any CPU
		{F926585B-E9EC-4158-857E-E6310C70DCEE}.Release|ARM64.ActiveCfg = Release|Any CPU
		{F926585B-E9EC-4158-857E-E6310C70DCEE}.Release|ARM64.Build.0 = Release|Any CPU
		{F926585B-E9EC-4158-857E-E6310C70DCEE}.Release|x64.ActiveCfg = Release|Any CPU
		{F926585B-E9EC-4158-857E-E6310C70DCEE}.Release|x64.Build.0 = Release|Any CPU
		{F926585B-E9EC-4158-857E-E6310C70DCEE}.Release|x86.ActiveCfg = Release|Any CPU
		{F926585B-E9EC-4158-857E-E6310C70DCEE}.Release|x86.Build.0 = Release|Any CPU
		{80C5352A-5ECD-4CC1-B6B2-033E624524DA}.Debug|Any CPU.ActiveCfg = Debug|Any CPU
		{80C5352A-5ECD-4CC1-B6B2-033E624524DA}.Debug|Any CPU.Build.0 = Debug|Any CPU
		{80C5352A-5ECD-4CC1-B6B2-033E624524DA}.Debug|ARM.ActiveCfg = Debug|Any CPU
		{80C5352A-5ECD-4CC1-B6B2-033E624524DA}.Debug|ARM.Build.0 = Debug|Any CPU
		{80C5352A-5ECD-4CC1-B6B2-033E624524DA}.Debug|ARM64.ActiveCfg = Debug|Any CPU
		{80C5352A-5ECD-4CC1-B6B2-033E624524DA}.Debug|ARM64.Build.0 = Debug|Any CPU
		{80C5352A-5ECD-4CC1-B6B2-033E624524DA}.Debug|x64.ActiveCfg = Debug|Any CPU
		{80C5352A-5ECD-4CC1-B6B2-033E624524DA}.Debug|x64.Build.0 = Debug|Any CPU
		{80C5352A-5ECD-4CC1-B6B2-033E624524DA}.Debug|x86.ActiveCfg = Debug|Any CPU
		{80C5352A-5ECD-4CC1-B6B2-033E624524DA}.Debug|x86.Build.0 = Debug|Any CPU
		{80C5352A-5ECD-4CC1-B6B2-033E624524DA}.Release|Any CPU.ActiveCfg = Release|Any CPU
		{80C5352A-5ECD-4CC1-B6B2-033E624524DA}.Release|Any CPU.Build.0 = Release|Any CPU
		{80C5352A-5ECD-4CC1-B6B2-033E624524DA}.Release|ARM.ActiveCfg = Release|Any CPU
		{80C5352A-5ECD-4CC1-B6B2-033E624524DA}.Release|ARM.Build.0 = Release|Any CPU
		{80C5352A-5ECD-4CC1-B6B2-033E624524DA}.Release|ARM64.ActiveCfg = Release|Any CPU
		{80C5352A-5ECD-4CC1-B6B2-033E624524DA}.Release|ARM64.Build.0 = Release|Any CPU
		{80C5352A-5ECD-4CC1-B6B2-033E624524DA}.Release|x64.ActiveCfg = Release|Any CPU
		{80C5352A-5ECD-4CC1-B6B2-033E624524DA}.Release|x64.Build.0 = Release|Any CPU
		{80C5352A-5ECD-4CC1-B6B2-033E624524DA}.Release|x86.ActiveCfg = Release|Any CPU
		{80C5352A-5ECD-4CC1-B6B2-033E624524DA}.Release|x86.Build.0 = Release|Any CPU
		{00E4BCFB-9FBC-44BC-8AA5-3A24E790B23F}.Debug|Any CPU.ActiveCfg = Debug|Any CPU
		{00E4BCFB-9FBC-44BC-8AA5-3A24E790B23F}.Debug|Any CPU.Build.0 = Debug|Any CPU
		{00E4BCFB-9FBC-44BC-8AA5-3A24E790B23F}.Debug|ARM.ActiveCfg = Debug|Any CPU
		{00E4BCFB-9FBC-44BC-8AA5-3A24E790B23F}.Debug|ARM.Build.0 = Debug|Any CPU
		{00E4BCFB-9FBC-44BC-8AA5-3A24E790B23F}.Debug|ARM64.ActiveCfg = Debug|Any CPU
		{00E4BCFB-9FBC-44BC-8AA5-3A24E790B23F}.Debug|ARM64.Build.0 = Debug|Any CPU
		{00E4BCFB-9FBC-44BC-8AA5-3A24E790B23F}.Debug|x64.ActiveCfg = Debug|Any CPU
		{00E4BCFB-9FBC-44BC-8AA5-3A24E790B23F}.Debug|x64.Build.0 = Debug|Any CPU
		{00E4BCFB-9FBC-44BC-8AA5-3A24E790B23F}.Debug|x86.ActiveCfg = Debug|Any CPU
		{00E4BCFB-9FBC-44BC-8AA5-3A24E790B23F}.Debug|x86.Build.0 = Debug|Any CPU
		{00E4BCFB-9FBC-44BC-8AA5-3A24E790B23F}.Release|Any CPU.ActiveCfg = Release|Any CPU
		{00E4BCFB-9FBC-44BC-8AA5-3A24E790B23F}.Release|Any CPU.Build.0 = Release|Any CPU
		{00E4BCFB-9FBC-44BC-8AA5-3A24E790B23F}.Release|ARM.ActiveCfg = Release|Any CPU
		{00E4BCFB-9FBC-44BC-8AA5-3A24E790B23F}.Release|ARM.Build.0 = Release|Any CPU
		{00E4BCFB-9FBC-44BC-8AA5-3A24E790B23F}.Release|ARM64.ActiveCfg = Release|Any CPU
		{00E4BCFB-9FBC-44BC-8AA5-3A24E790B23F}.Release|ARM64.Build.0 = Release|Any CPU
		{00E4BCFB-9FBC-44BC-8AA5-3A24E790B23F}.Release|x64.ActiveCfg = Release|Any CPU
		{00E4BCFB-9FBC-44BC-8AA5-3A24E790B23F}.Release|x64.Build.0 = Release|Any CPU
		{00E4BCFB-9FBC-44BC-8AA5-3A24E790B23F}.Release|x86.ActiveCfg = Release|Any CPU
		{00E4BCFB-9FBC-44BC-8AA5-3A24E790B23F}.Release|x86.Build.0 = Release|Any CPU
		{C2489F7B-49C0-418C-8A63-0A6C134A3E08}.Debug|Any CPU.ActiveCfg = Debug|Any CPU
		{C2489F7B-49C0-418C-8A63-0A6C134A3E08}.Debug|Any CPU.Build.0 = Debug|Any CPU
		{C2489F7B-49C0-418C-8A63-0A6C134A3E08}.Debug|ARM.ActiveCfg = Debug|Any CPU
		{C2489F7B-49C0-418C-8A63-0A6C134A3E08}.Debug|ARM.Build.0 = Debug|Any CPU
		{C2489F7B-49C0-418C-8A63-0A6C134A3E08}.Debug|ARM64.ActiveCfg = Debug|Any CPU
		{C2489F7B-49C0-418C-8A63-0A6C134A3E08}.Debug|ARM64.Build.0 = Debug|Any CPU
		{C2489F7B-49C0-418C-8A63-0A6C134A3E08}.Debug|x64.ActiveCfg = Debug|Any CPU
		{C2489F7B-49C0-418C-8A63-0A6C134A3E08}.Debug|x64.Build.0 = Debug|Any CPU
		{C2489F7B-49C0-418C-8A63-0A6C134A3E08}.Debug|x86.ActiveCfg = Debug|Any CPU
		{C2489F7B-49C0-418C-8A63-0A6C134A3E08}.Debug|x86.Build.0 = Debug|Any CPU
		{C2489F7B-49C0-418C-8A63-0A6C134A3E08}.Release|Any CPU.ActiveCfg = Release|Any CPU
		{C2489F7B-49C0-418C-8A63-0A6C134A3E08}.Release|Any CPU.Build.0 = Release|Any CPU
		{C2489F7B-49C0-418C-8A63-0A6C134A3E08}.Release|ARM.ActiveCfg = Release|Any CPU
		{C2489F7B-49C0-418C-8A63-0A6C134A3E08}.Release|ARM.Build.0 = Release|Any CPU
		{C2489F7B-49C0-418C-8A63-0A6C134A3E08}.Release|ARM64.ActiveCfg = Release|Any CPU
		{C2489F7B-49C0-418C-8A63-0A6C134A3E08}.Release|ARM64.Build.0 = Release|Any CPU
		{C2489F7B-49C0-418C-8A63-0A6C134A3E08}.Release|x64.ActiveCfg = Release|Any CPU
		{C2489F7B-49C0-418C-8A63-0A6C134A3E08}.Release|x64.Build.0 = Release|Any CPU
		{C2489F7B-49C0-418C-8A63-0A6C134A3E08}.Release|x86.ActiveCfg = Release|Any CPU
		{C2489F7B-49C0-418C-8A63-0A6C134A3E08}.Release|x86.Build.0 = Release|Any CPU
		{611E6974-2F22-4FBD-B4B2-E8EE5AE53436}.Debug|Any CPU.ActiveCfg = Debug|Any CPU
		{611E6974-2F22-4FBD-B4B2-E8EE5AE53436}.Debug|Any CPU.Build.0 = Debug|Any CPU
		{611E6974-2F22-4FBD-B4B2-E8EE5AE53436}.Debug|ARM.ActiveCfg = Debug|Any CPU
		{611E6974-2F22-4FBD-B4B2-E8EE5AE53436}.Debug|ARM.Build.0 = Debug|Any CPU
		{611E6974-2F22-4FBD-B4B2-E8EE5AE53436}.Debug|ARM64.ActiveCfg = Debug|Any CPU
		{611E6974-2F22-4FBD-B4B2-E8EE5AE53436}.Debug|ARM64.Build.0 = Debug|Any CPU
		{611E6974-2F22-4FBD-B4B2-E8EE5AE53436}.Debug|x64.ActiveCfg = Debug|Any CPU
		{611E6974-2F22-4FBD-B4B2-E8EE5AE53436}.Debug|x64.Build.0 = Debug|Any CPU
		{611E6974-2F22-4FBD-B4B2-E8EE5AE53436}.Debug|x86.ActiveCfg = Debug|Any CPU
		{611E6974-2F22-4FBD-B4B2-E8EE5AE53436}.Debug|x86.Build.0 = Debug|Any CPU
		{611E6974-2F22-4FBD-B4B2-E8EE5AE53436}.Release|Any CPU.ActiveCfg = Release|Any CPU
		{611E6974-2F22-4FBD-B4B2-E8EE5AE53436}.Release|Any CPU.Build.0 = Release|Any CPU
		{611E6974-2F22-4FBD-B4B2-E8EE5AE53436}.Release|ARM.ActiveCfg = Release|Any CPU
		{611E6974-2F22-4FBD-B4B2-E8EE5AE53436}.Release|ARM.Build.0 = Release|Any CPU
		{611E6974-2F22-4FBD-B4B2-E8EE5AE53436}.Release|ARM64.ActiveCfg = Release|Any CPU
		{611E6974-2F22-4FBD-B4B2-E8EE5AE53436}.Release|ARM64.Build.0 = Release|Any CPU
		{611E6974-2F22-4FBD-B4B2-E8EE5AE53436}.Release|x64.ActiveCfg = Release|Any CPU
		{611E6974-2F22-4FBD-B4B2-E8EE5AE53436}.Release|x64.Build.0 = Release|Any CPU
		{611E6974-2F22-4FBD-B4B2-E8EE5AE53436}.Release|x86.ActiveCfg = Release|Any CPU
		{611E6974-2F22-4FBD-B4B2-E8EE5AE53436}.Release|x86.Build.0 = Release|Any CPU
		{BA3762A1-C81E-4406-940B-AE38D2E854D3}.Debug|Any CPU.ActiveCfg = Debug|Any CPU
		{BA3762A1-C81E-4406-940B-AE38D2E854D3}.Debug|Any CPU.Build.0 = Debug|Any CPU
		{BA3762A1-C81E-4406-940B-AE38D2E854D3}.Debug|ARM.ActiveCfg = Debug|Any CPU
		{BA3762A1-C81E-4406-940B-AE38D2E854D3}.Debug|ARM.Build.0 = Debug|Any CPU
		{BA3762A1-C81E-4406-940B-AE38D2E854D3}.Debug|ARM64.ActiveCfg = Debug|Any CPU
		{BA3762A1-C81E-4406-940B-AE38D2E854D3}.Debug|ARM64.Build.0 = Debug|Any CPU
		{BA3762A1-C81E-4406-940B-AE38D2E854D3}.Debug|x64.ActiveCfg = Debug|Any CPU
		{BA3762A1-C81E-4406-940B-AE38D2E854D3}.Debug|x64.Build.0 = Debug|Any CPU
		{BA3762A1-C81E-4406-940B-AE38D2E854D3}.Debug|x86.ActiveCfg = Debug|Any CPU
		{BA3762A1-C81E-4406-940B-AE38D2E854D3}.Debug|x86.Build.0 = Debug|Any CPU
		{BA3762A1-C81E-4406-940B-AE38D2E854D3}.Release|Any CPU.ActiveCfg = Release|Any CPU
		{BA3762A1-C81E-4406-940B-AE38D2E854D3}.Release|Any CPU.Build.0 = Release|Any CPU
		{BA3762A1-C81E-4406-940B-AE38D2E854D3}.Release|ARM.ActiveCfg = Release|Any CPU
		{BA3762A1-C81E-4406-940B-AE38D2E854D3}.Release|ARM.Build.0 = Release|Any CPU
		{BA3762A1-C81E-4406-940B-AE38D2E854D3}.Release|ARM64.ActiveCfg = Release|Any CPU
		{BA3762A1-C81E-4406-940B-AE38D2E854D3}.Release|ARM64.Build.0 = Release|Any CPU
		{BA3762A1-C81E-4406-940B-AE38D2E854D3}.Release|x64.ActiveCfg = Release|Any CPU
		{BA3762A1-C81E-4406-940B-AE38D2E854D3}.Release|x64.Build.0 = Release|Any CPU
		{BA3762A1-C81E-4406-940B-AE38D2E854D3}.Release|x86.ActiveCfg = Release|Any CPU
		{BA3762A1-C81E-4406-940B-AE38D2E854D3}.Release|x86.Build.0 = Release|Any CPU
		{FD951D65-861E-4605-BC09-D8D3271BE23A}.Debug|Any CPU.ActiveCfg = Debug|Any CPU
		{FD951D65-861E-4605-BC09-D8D3271BE23A}.Debug|Any CPU.Build.0 = Debug|Any CPU
		{FD951D65-861E-4605-BC09-D8D3271BE23A}.Debug|ARM.ActiveCfg = Debug|Any CPU
		{FD951D65-861E-4605-BC09-D8D3271BE23A}.Debug|ARM.Build.0 = Debug|Any CPU
		{FD951D65-861E-4605-BC09-D8D3271BE23A}.Debug|ARM64.ActiveCfg = Debug|Any CPU
		{FD951D65-861E-4605-BC09-D8D3271BE23A}.Debug|ARM64.Build.0 = Debug|Any CPU
		{FD951D65-861E-4605-BC09-D8D3271BE23A}.Debug|x64.ActiveCfg = Debug|Any CPU
		{FD951D65-861E-4605-BC09-D8D3271BE23A}.Debug|x64.Build.0 = Debug|Any CPU
		{FD951D65-861E-4605-BC09-D8D3271BE23A}.Debug|x86.ActiveCfg = Debug|Any CPU
		{FD951D65-861E-4605-BC09-D8D3271BE23A}.Debug|x86.Build.0 = Debug|Any CPU
		{FD951D65-861E-4605-BC09-D8D3271BE23A}.Release|Any CPU.ActiveCfg = Release|Any CPU
		{FD951D65-861E-4605-BC09-D8D3271BE23A}.Release|Any CPU.Build.0 = Release|Any CPU
		{FD951D65-861E-4605-BC09-D8D3271BE23A}.Release|ARM.ActiveCfg = Release|Any CPU
		{FD951D65-861E-4605-BC09-D8D3271BE23A}.Release|ARM.Build.0 = Release|Any CPU
		{FD951D65-861E-4605-BC09-D8D3271BE23A}.Release|ARM64.ActiveCfg = Release|Any CPU
		{FD951D65-861E-4605-BC09-D8D3271BE23A}.Release|ARM64.Build.0 = Release|Any CPU
		{FD951D65-861E-4605-BC09-D8D3271BE23A}.Release|x64.ActiveCfg = Release|Any CPU
		{FD951D65-861E-4605-BC09-D8D3271BE23A}.Release|x64.Build.0 = Release|Any CPU
		{FD951D65-861E-4605-BC09-D8D3271BE23A}.Release|x86.ActiveCfg = Release|Any CPU
		{FD951D65-861E-4605-BC09-D8D3271BE23A}.Release|x86.Build.0 = Release|Any CPU
		{1F197599-4C38-43A5-A6AD-C218DE17F5F6}.Debug|Any CPU.ActiveCfg = Debug|Any CPU
		{1F197599-4C38-43A5-A6AD-C218DE17F5F6}.Debug|Any CPU.Build.0 = Debug|Any CPU
		{1F197599-4C38-43A5-A6AD-C218DE17F5F6}.Debug|ARM.ActiveCfg = Debug|Any CPU
		{1F197599-4C38-43A5-A6AD-C218DE17F5F6}.Debug|ARM.Build.0 = Debug|Any CPU
		{1F197599-4C38-43A5-A6AD-C218DE17F5F6}.Debug|ARM64.ActiveCfg = Debug|Any CPU
		{1F197599-4C38-43A5-A6AD-C218DE17F5F6}.Debug|ARM64.Build.0 = Debug|Any CPU
		{1F197599-4C38-43A5-A6AD-C218DE17F5F6}.Debug|x64.ActiveCfg = Debug|Any CPU
		{1F197599-4C38-43A5-A6AD-C218DE17F5F6}.Debug|x64.Build.0 = Debug|Any CPU
		{1F197599-4C38-43A5-A6AD-C218DE17F5F6}.Debug|x86.ActiveCfg = Debug|Any CPU
		{1F197599-4C38-43A5-A6AD-C218DE17F5F6}.Debug|x86.Build.0 = Debug|Any CPU
		{1F197599-4C38-43A5-A6AD-C218DE17F5F6}.Release|Any CPU.ActiveCfg = Release|Any CPU
		{1F197599-4C38-43A5-A6AD-C218DE17F5F6}.Release|Any CPU.Build.0 = Release|Any CPU
		{1F197599-4C38-43A5-A6AD-C218DE17F5F6}.Release|ARM.ActiveCfg = Release|Any CPU
		{1F197599-4C38-43A5-A6AD-C218DE17F5F6}.Release|ARM.Build.0 = Release|Any CPU
		{1F197599-4C38-43A5-A6AD-C218DE17F5F6}.Release|ARM64.ActiveCfg = Release|Any CPU
		{1F197599-4C38-43A5-A6AD-C218DE17F5F6}.Release|ARM64.Build.0 = Release|Any CPU
		{1F197599-4C38-43A5-A6AD-C218DE17F5F6}.Release|x64.ActiveCfg = Release|Any CPU
		{1F197599-4C38-43A5-A6AD-C218DE17F5F6}.Release|x64.Build.0 = Release|Any CPU
		{1F197599-4C38-43A5-A6AD-C218DE17F5F6}.Release|x86.ActiveCfg = Release|Any CPU
		{1F197599-4C38-43A5-A6AD-C218DE17F5F6}.Release|x86.Build.0 = Release|Any CPU
		{0C15E76A-DCAE-4D5E-B260-2E9844042D45}.Debug|Any CPU.ActiveCfg = Debug|Any CPU
		{0C15E76A-DCAE-4D5E-B260-2E9844042D45}.Debug|Any CPU.Build.0 = Debug|Any CPU
		{0C15E76A-DCAE-4D5E-B260-2E9844042D45}.Debug|ARM.ActiveCfg = Debug|Any CPU
		{0C15E76A-DCAE-4D5E-B260-2E9844042D45}.Debug|ARM.Build.0 = Debug|Any CPU
		{0C15E76A-DCAE-4D5E-B260-2E9844042D45}.Debug|ARM64.ActiveCfg = Debug|Any CPU
		{0C15E76A-DCAE-4D5E-B260-2E9844042D45}.Debug|ARM64.Build.0 = Debug|Any CPU
		{0C15E76A-DCAE-4D5E-B260-2E9844042D45}.Debug|x64.ActiveCfg = Debug|Any CPU
		{0C15E76A-DCAE-4D5E-B260-2E9844042D45}.Debug|x64.Build.0 = Debug|Any CPU
		{0C15E76A-DCAE-4D5E-B260-2E9844042D45}.Debug|x86.ActiveCfg = Debug|Any CPU
		{0C15E76A-DCAE-4D5E-B260-2E9844042D45}.Debug|x86.Build.0 = Debug|Any CPU
		{0C15E76A-DCAE-4D5E-B260-2E9844042D45}.Release|Any CPU.ActiveCfg = Release|Any CPU
		{0C15E76A-DCAE-4D5E-B260-2E9844042D45}.Release|Any CPU.Build.0 = Release|Any CPU
		{0C15E76A-DCAE-4D5E-B260-2E9844042D45}.Release|ARM.ActiveCfg = Release|Any CPU
		{0C15E76A-DCAE-4D5E-B260-2E9844042D45}.Release|ARM.Build.0 = Release|Any CPU
		{0C15E76A-DCAE-4D5E-B260-2E9844042D45}.Release|ARM64.ActiveCfg = Release|Any CPU
		{0C15E76A-DCAE-4D5E-B260-2E9844042D45}.Release|ARM64.Build.0 = Release|Any CPU
		{0C15E76A-DCAE-4D5E-B260-2E9844042D45}.Release|x64.ActiveCfg = Release|Any CPU
		{0C15E76A-DCAE-4D5E-B260-2E9844042D45}.Release|x64.Build.0 = Release|Any CPU
		{0C15E76A-DCAE-4D5E-B260-2E9844042D45}.Release|x86.ActiveCfg = Release|Any CPU
		{0C15E76A-DCAE-4D5E-B260-2E9844042D45}.Release|x86.Build.0 = Release|Any CPU
		{CDA241F5-7B84-498D-BF29-01D71BF5A154}.Debug|Any CPU.ActiveCfg = Debug|Any CPU
		{CDA241F5-7B84-498D-BF29-01D71BF5A154}.Debug|Any CPU.Build.0 = Debug|Any CPU
		{CDA241F5-7B84-498D-BF29-01D71BF5A154}.Debug|ARM.ActiveCfg = Debug|Any CPU
		{CDA241F5-7B84-498D-BF29-01D71BF5A154}.Debug|ARM.Build.0 = Debug|Any CPU
		{CDA241F5-7B84-498D-BF29-01D71BF5A154}.Debug|ARM64.ActiveCfg = Debug|Any CPU
		{CDA241F5-7B84-498D-BF29-01D71BF5A154}.Debug|ARM64.Build.0 = Debug|Any CPU
		{CDA241F5-7B84-498D-BF29-01D71BF5A154}.Debug|x64.ActiveCfg = Debug|Any CPU
		{CDA241F5-7B84-498D-BF29-01D71BF5A154}.Debug|x64.Build.0 = Debug|Any CPU
		{CDA241F5-7B84-498D-BF29-01D71BF5A154}.Debug|x86.ActiveCfg = Debug|Any CPU
		{CDA241F5-7B84-498D-BF29-01D71BF5A154}.Debug|x86.Build.0 = Debug|Any CPU
		{CDA241F5-7B84-498D-BF29-01D71BF5A154}.Release|Any CPU.ActiveCfg = Release|Any CPU
		{CDA241F5-7B84-498D-BF29-01D71BF5A154}.Release|Any CPU.Build.0 = Release|Any CPU
		{CDA241F5-7B84-498D-BF29-01D71BF5A154}.Release|ARM.ActiveCfg = Release|Any CPU
		{CDA241F5-7B84-498D-BF29-01D71BF5A154}.Release|ARM.Build.0 = Release|Any CPU
		{CDA241F5-7B84-498D-BF29-01D71BF5A154}.Release|ARM64.ActiveCfg = Release|Any CPU
		{CDA241F5-7B84-498D-BF29-01D71BF5A154}.Release|ARM64.Build.0 = Release|Any CPU
		{CDA241F5-7B84-498D-BF29-01D71BF5A154}.Release|x64.ActiveCfg = Release|Any CPU
		{CDA241F5-7B84-498D-BF29-01D71BF5A154}.Release|x64.Build.0 = Release|Any CPU
		{CDA241F5-7B84-498D-BF29-01D71BF5A154}.Release|x86.ActiveCfg = Release|Any CPU
		{CDA241F5-7B84-498D-BF29-01D71BF5A154}.Release|x86.Build.0 = Release|Any CPU
		{FEE074E3-AF1C-4C13-AF0E-D60D60C624F5}.Debug|Any CPU.ActiveCfg = Debug|Any CPU
		{FEE074E3-AF1C-4C13-AF0E-D60D60C624F5}.Debug|Any CPU.Build.0 = Debug|Any CPU
		{FEE074E3-AF1C-4C13-AF0E-D60D60C624F5}.Debug|ARM.ActiveCfg = Debug|Any CPU
		{FEE074E3-AF1C-4C13-AF0E-D60D60C624F5}.Debug|ARM.Build.0 = Debug|Any CPU
		{FEE074E3-AF1C-4C13-AF0E-D60D60C624F5}.Debug|ARM64.ActiveCfg = Debug|Any CPU
		{FEE074E3-AF1C-4C13-AF0E-D60D60C624F5}.Debug|ARM64.Build.0 = Debug|Any CPU
		{FEE074E3-AF1C-4C13-AF0E-D60D60C624F5}.Debug|x64.ActiveCfg = Debug|Any CPU
		{FEE074E3-AF1C-4C13-AF0E-D60D60C624F5}.Debug|x64.Build.0 = Debug|Any CPU
		{FEE074E3-AF1C-4C13-AF0E-D60D60C624F5}.Debug|x86.ActiveCfg = Debug|Any CPU
		{FEE074E3-AF1C-4C13-AF0E-D60D60C624F5}.Debug|x86.Build.0 = Debug|Any CPU
		{FEE074E3-AF1C-4C13-AF0E-D60D60C624F5}.Release|Any CPU.ActiveCfg = Release|Any CPU
		{FEE074E3-AF1C-4C13-AF0E-D60D60C624F5}.Release|Any CPU.Build.0 = Release|Any CPU
		{FEE074E3-AF1C-4C13-AF0E-D60D60C624F5}.Release|ARM.ActiveCfg = Release|Any CPU
		{FEE074E3-AF1C-4C13-AF0E-D60D60C624F5}.Release|ARM.Build.0 = Release|Any CPU
		{FEE074E3-AF1C-4C13-AF0E-D60D60C624F5}.Release|ARM64.ActiveCfg = Release|Any CPU
		{FEE074E3-AF1C-4C13-AF0E-D60D60C624F5}.Release|ARM64.Build.0 = Release|Any CPU
		{FEE074E3-AF1C-4C13-AF0E-D60D60C624F5}.Release|x64.ActiveCfg = Release|Any CPU
		{FEE074E3-AF1C-4C13-AF0E-D60D60C624F5}.Release|x64.Build.0 = Release|Any CPU
		{FEE074E3-AF1C-4C13-AF0E-D60D60C624F5}.Release|x86.ActiveCfg = Release|Any CPU
		{FEE074E3-AF1C-4C13-AF0E-D60D60C624F5}.Release|x86.Build.0 = Release|Any CPU
		{B5C3F95C-F206-438A-BC87-ABEE1F0E0E99}.Debug|Any CPU.ActiveCfg = Debug|Any CPU
		{B5C3F95C-F206-438A-BC87-ABEE1F0E0E99}.Debug|Any CPU.Build.0 = Debug|Any CPU
		{B5C3F95C-F206-438A-BC87-ABEE1F0E0E99}.Debug|ARM.ActiveCfg = Debug|Any CPU
		{B5C3F95C-F206-438A-BC87-ABEE1F0E0E99}.Debug|ARM.Build.0 = Debug|Any CPU
		{B5C3F95C-F206-438A-BC87-ABEE1F0E0E99}.Debug|ARM64.ActiveCfg = Debug|Any CPU
		{B5C3F95C-F206-438A-BC87-ABEE1F0E0E99}.Debug|ARM64.Build.0 = Debug|Any CPU
		{B5C3F95C-F206-438A-BC87-ABEE1F0E0E99}.Debug|x64.ActiveCfg = Debug|Any CPU
		{B5C3F95C-F206-438A-BC87-ABEE1F0E0E99}.Debug|x64.Build.0 = Debug|Any CPU
		{B5C3F95C-F206-438A-BC87-ABEE1F0E0E99}.Debug|x86.ActiveCfg = Debug|Any CPU
		{B5C3F95C-F206-438A-BC87-ABEE1F0E0E99}.Debug|x86.Build.0 = Debug|Any CPU
		{B5C3F95C-F206-438A-BC87-ABEE1F0E0E99}.Release|Any CPU.ActiveCfg = Release|Any CPU
		{B5C3F95C-F206-438A-BC87-ABEE1F0E0E99}.Release|Any CPU.Build.0 = Release|Any CPU
		{B5C3F95C-F206-438A-BC87-ABEE1F0E0E99}.Release|ARM.ActiveCfg = Release|Any CPU
		{B5C3F95C-F206-438A-BC87-ABEE1F0E0E99}.Release|ARM.Build.0 = Release|Any CPU
		{B5C3F95C-F206-438A-BC87-ABEE1F0E0E99}.Release|ARM64.ActiveCfg = Release|Any CPU
		{B5C3F95C-F206-438A-BC87-ABEE1F0E0E99}.Release|ARM64.Build.0 = Release|Any CPU
		{B5C3F95C-F206-438A-BC87-ABEE1F0E0E99}.Release|x64.ActiveCfg = Release|Any CPU
		{B5C3F95C-F206-438A-BC87-ABEE1F0E0E99}.Release|x64.Build.0 = Release|Any CPU
		{B5C3F95C-F206-438A-BC87-ABEE1F0E0E99}.Release|x86.ActiveCfg = Release|Any CPU
		{B5C3F95C-F206-438A-BC87-ABEE1F0E0E99}.Release|x86.Build.0 = Release|Any CPU
		{1CA8F49B-F083-47A1-BA93-6C5A4A25938E}.Debug|Any CPU.ActiveCfg = Debug|Any CPU
		{1CA8F49B-F083-47A1-BA93-6C5A4A25938E}.Debug|Any CPU.Build.0 = Debug|Any CPU
		{1CA8F49B-F083-47A1-BA93-6C5A4A25938E}.Debug|ARM.ActiveCfg = Debug|Any CPU
		{1CA8F49B-F083-47A1-BA93-6C5A4A25938E}.Debug|ARM.Build.0 = Debug|Any CPU
		{1CA8F49B-F083-47A1-BA93-6C5A4A25938E}.Debug|ARM64.ActiveCfg = Debug|Any CPU
		{1CA8F49B-F083-47A1-BA93-6C5A4A25938E}.Debug|ARM64.Build.0 = Debug|Any CPU
		{1CA8F49B-F083-47A1-BA93-6C5A4A25938E}.Debug|x64.ActiveCfg = Debug|Any CPU
		{1CA8F49B-F083-47A1-BA93-6C5A4A25938E}.Debug|x64.Build.0 = Debug|Any CPU
		{1CA8F49B-F083-47A1-BA93-6C5A4A25938E}.Debug|x86.ActiveCfg = Debug|Any CPU
		{1CA8F49B-F083-47A1-BA93-6C5A4A25938E}.Debug|x86.Build.0 = Debug|Any CPU
		{1CA8F49B-F083-47A1-BA93-6C5A4A25938E}.Release|Any CPU.ActiveCfg = Release|Any CPU
		{1CA8F49B-F083-47A1-BA93-6C5A4A25938E}.Release|Any CPU.Build.0 = Release|Any CPU
		{1CA8F49B-F083-47A1-BA93-6C5A4A25938E}.Release|ARM.ActiveCfg = Release|Any CPU
		{1CA8F49B-F083-47A1-BA93-6C5A4A25938E}.Release|ARM.Build.0 = Release|Any CPU
		{1CA8F49B-F083-47A1-BA93-6C5A4A25938E}.Release|ARM64.ActiveCfg = Release|Any CPU
		{1CA8F49B-F083-47A1-BA93-6C5A4A25938E}.Release|ARM64.Build.0 = Release|Any CPU
		{1CA8F49B-F083-47A1-BA93-6C5A4A25938E}.Release|x64.ActiveCfg = Release|Any CPU
		{1CA8F49B-F083-47A1-BA93-6C5A4A25938E}.Release|x64.Build.0 = Release|Any CPU
		{1CA8F49B-F083-47A1-BA93-6C5A4A25938E}.Release|x86.ActiveCfg = Release|Any CPU
		{1CA8F49B-F083-47A1-BA93-6C5A4A25938E}.Release|x86.Build.0 = Release|Any CPU
		{1DA8715C-E5A1-40CC-9C6C-F39E90A0C3E7}.Debug|Any CPU.ActiveCfg = Debug|Any CPU
		{1DA8715C-E5A1-40CC-9C6C-F39E90A0C3E7}.Debug|Any CPU.Build.0 = Debug|Any CPU
		{1DA8715C-E5A1-40CC-9C6C-F39E90A0C3E7}.Debug|ARM.ActiveCfg = Debug|Any CPU
		{1DA8715C-E5A1-40CC-9C6C-F39E90A0C3E7}.Debug|ARM.Build.0 = Debug|Any CPU
		{1DA8715C-E5A1-40CC-9C6C-F39E90A0C3E7}.Debug|ARM64.ActiveCfg = Debug|Any CPU
		{1DA8715C-E5A1-40CC-9C6C-F39E90A0C3E7}.Debug|ARM64.Build.0 = Debug|Any CPU
		{1DA8715C-E5A1-40CC-9C6C-F39E90A0C3E7}.Debug|x64.ActiveCfg = Debug|Any CPU
		{1DA8715C-E5A1-40CC-9C6C-F39E90A0C3E7}.Debug|x64.Build.0 = Debug|Any CPU
		{1DA8715C-E5A1-40CC-9C6C-F39E90A0C3E7}.Debug|x86.ActiveCfg = Debug|Any CPU
		{1DA8715C-E5A1-40CC-9C6C-F39E90A0C3E7}.Debug|x86.Build.0 = Debug|Any CPU
		{1DA8715C-E5A1-40CC-9C6C-F39E90A0C3E7}.Release|Any CPU.ActiveCfg = Release|Any CPU
		{1DA8715C-E5A1-40CC-9C6C-F39E90A0C3E7}.Release|Any CPU.Build.0 = Release|Any CPU
		{1DA8715C-E5A1-40CC-9C6C-F39E90A0C3E7}.Release|ARM.ActiveCfg = Release|Any CPU
		{1DA8715C-E5A1-40CC-9C6C-F39E90A0C3E7}.Release|ARM.Build.0 = Release|Any CPU
		{1DA8715C-E5A1-40CC-9C6C-F39E90A0C3E7}.Release|ARM64.ActiveCfg = Release|Any CPU
		{1DA8715C-E5A1-40CC-9C6C-F39E90A0C3E7}.Release|ARM64.Build.0 = Release|Any CPU
		{1DA8715C-E5A1-40CC-9C6C-F39E90A0C3E7}.Release|x64.ActiveCfg = Release|Any CPU
		{1DA8715C-E5A1-40CC-9C6C-F39E90A0C3E7}.Release|x64.Build.0 = Release|Any CPU
		{1DA8715C-E5A1-40CC-9C6C-F39E90A0C3E7}.Release|x86.ActiveCfg = Release|Any CPU
		{1DA8715C-E5A1-40CC-9C6C-F39E90A0C3E7}.Release|x86.Build.0 = Release|Any CPU
		{5A8A4A32-653E-4DC5-99CB-5F1E59737835}.Debug|Any CPU.ActiveCfg = Debug|Any CPU
		{5A8A4A32-653E-4DC5-99CB-5F1E59737835}.Debug|Any CPU.Build.0 = Debug|Any CPU
		{5A8A4A32-653E-4DC5-99CB-5F1E59737835}.Debug|ARM.ActiveCfg = Debug|Any CPU
		{5A8A4A32-653E-4DC5-99CB-5F1E59737835}.Debug|ARM.Build.0 = Debug|Any CPU
		{5A8A4A32-653E-4DC5-99CB-5F1E59737835}.Debug|ARM64.ActiveCfg = Debug|Any CPU
		{5A8A4A32-653E-4DC5-99CB-5F1E59737835}.Debug|ARM64.Build.0 = Debug|Any CPU
		{5A8A4A32-653E-4DC5-99CB-5F1E59737835}.Debug|x64.ActiveCfg = Debug|Any CPU
		{5A8A4A32-653E-4DC5-99CB-5F1E59737835}.Debug|x64.Build.0 = Debug|Any CPU
		{5A8A4A32-653E-4DC5-99CB-5F1E59737835}.Debug|x86.ActiveCfg = Debug|Any CPU
		{5A8A4A32-653E-4DC5-99CB-5F1E59737835}.Debug|x86.Build.0 = Debug|Any CPU
		{5A8A4A32-653E-4DC5-99CB-5F1E59737835}.Release|Any CPU.ActiveCfg = Release|Any CPU
		{5A8A4A32-653E-4DC5-99CB-5F1E59737835}.Release|Any CPU.Build.0 = Release|Any CPU
		{5A8A4A32-653E-4DC5-99CB-5F1E59737835}.Release|ARM.ActiveCfg = Release|Any CPU
		{5A8A4A32-653E-4DC5-99CB-5F1E59737835}.Release|ARM.Build.0 = Release|Any CPU
		{5A8A4A32-653E-4DC5-99CB-5F1E59737835}.Release|ARM64.ActiveCfg = Release|Any CPU
		{5A8A4A32-653E-4DC5-99CB-5F1E59737835}.Release|ARM64.Build.0 = Release|Any CPU
		{5A8A4A32-653E-4DC5-99CB-5F1E59737835}.Release|x64.ActiveCfg = Release|Any CPU
		{5A8A4A32-653E-4DC5-99CB-5F1E59737835}.Release|x64.Build.0 = Release|Any CPU
		{5A8A4A32-653E-4DC5-99CB-5F1E59737835}.Release|x86.ActiveCfg = Release|Any CPU
		{5A8A4A32-653E-4DC5-99CB-5F1E59737835}.Release|x86.Build.0 = Release|Any CPU
		{86D76F32-FAA4-40B4-A13E-8012914D7584}.Debug|Any CPU.ActiveCfg = Debug|Any CPU
		{86D76F32-FAA4-40B4-A13E-8012914D7584}.Debug|Any CPU.Build.0 = Debug|Any CPU
		{86D76F32-FAA4-40B4-A13E-8012914D7584}.Debug|ARM.ActiveCfg = Debug|Any CPU
		{86D76F32-FAA4-40B4-A13E-8012914D7584}.Debug|ARM.Build.0 = Debug|Any CPU
		{86D76F32-FAA4-40B4-A13E-8012914D7584}.Debug|ARM64.ActiveCfg = Debug|Any CPU
		{86D76F32-FAA4-40B4-A13E-8012914D7584}.Debug|ARM64.Build.0 = Debug|Any CPU
		{86D76F32-FAA4-40B4-A13E-8012914D7584}.Debug|x64.ActiveCfg = Debug|Any CPU
		{86D76F32-FAA4-40B4-A13E-8012914D7584}.Debug|x64.Build.0 = Debug|Any CPU
		{86D76F32-FAA4-40B4-A13E-8012914D7584}.Debug|x86.ActiveCfg = Debug|Any CPU
		{86D76F32-FAA4-40B4-A13E-8012914D7584}.Debug|x86.Build.0 = Debug|Any CPU
		{86D76F32-FAA4-40B4-A13E-8012914D7584}.Release|Any CPU.ActiveCfg = Release|Any CPU
		{86D76F32-FAA4-40B4-A13E-8012914D7584}.Release|Any CPU.Build.0 = Release|Any CPU
		{86D76F32-FAA4-40B4-A13E-8012914D7584}.Release|ARM.ActiveCfg = Release|Any CPU
		{86D76F32-FAA4-40B4-A13E-8012914D7584}.Release|ARM.Build.0 = Release|Any CPU
		{86D76F32-FAA4-40B4-A13E-8012914D7584}.Release|ARM64.ActiveCfg = Release|Any CPU
		{86D76F32-FAA4-40B4-A13E-8012914D7584}.Release|ARM64.Build.0 = Release|Any CPU
		{86D76F32-FAA4-40B4-A13E-8012914D7584}.Release|x64.ActiveCfg = Release|Any CPU
		{86D76F32-FAA4-40B4-A13E-8012914D7584}.Release|x64.Build.0 = Release|Any CPU
		{86D76F32-FAA4-40B4-A13E-8012914D7584}.Release|x86.ActiveCfg = Release|Any CPU
		{86D76F32-FAA4-40B4-A13E-8012914D7584}.Release|x86.Build.0 = Release|Any CPU
		{DCA4D799-1C34-40BE-BB3D-BA46EE81265F}.Debug|Any CPU.ActiveCfg = Debug|Any CPU
		{DCA4D799-1C34-40BE-BB3D-BA46EE81265F}.Debug|Any CPU.Build.0 = Debug|Any CPU
		{DCA4D799-1C34-40BE-BB3D-BA46EE81265F}.Debug|ARM.ActiveCfg = Debug|Any CPU
		{DCA4D799-1C34-40BE-BB3D-BA46EE81265F}.Debug|ARM.Build.0 = Debug|Any CPU
		{DCA4D799-1C34-40BE-BB3D-BA46EE81265F}.Debug|ARM64.ActiveCfg = Debug|Any CPU
		{DCA4D799-1C34-40BE-BB3D-BA46EE81265F}.Debug|ARM64.Build.0 = Debug|Any CPU
		{DCA4D799-1C34-40BE-BB3D-BA46EE81265F}.Debug|x64.ActiveCfg = Debug|Any CPU
		{DCA4D799-1C34-40BE-BB3D-BA46EE81265F}.Debug|x64.Build.0 = Debug|Any CPU
		{DCA4D799-1C34-40BE-BB3D-BA46EE81265F}.Debug|x86.ActiveCfg = Debug|Any CPU
		{DCA4D799-1C34-40BE-BB3D-BA46EE81265F}.Debug|x86.Build.0 = Debug|Any CPU
		{DCA4D799-1C34-40BE-BB3D-BA46EE81265F}.Release|Any CPU.ActiveCfg = Release|Any CPU
		{DCA4D799-1C34-40BE-BB3D-BA46EE81265F}.Release|Any CPU.Build.0 = Release|Any CPU
		{DCA4D799-1C34-40BE-BB3D-BA46EE81265F}.Release|ARM.ActiveCfg = Release|Any CPU
		{DCA4D799-1C34-40BE-BB3D-BA46EE81265F}.Release|ARM.Build.0 = Release|Any CPU
		{DCA4D799-1C34-40BE-BB3D-BA46EE81265F}.Release|ARM64.ActiveCfg = Release|Any CPU
		{DCA4D799-1C34-40BE-BB3D-BA46EE81265F}.Release|ARM64.Build.0 = Release|Any CPU
		{DCA4D799-1C34-40BE-BB3D-BA46EE81265F}.Release|x64.ActiveCfg = Release|Any CPU
		{DCA4D799-1C34-40BE-BB3D-BA46EE81265F}.Release|x64.Build.0 = Release|Any CPU
		{DCA4D799-1C34-40BE-BB3D-BA46EE81265F}.Release|x86.ActiveCfg = Release|Any CPU
		{DCA4D799-1C34-40BE-BB3D-BA46EE81265F}.Release|x86.Build.0 = Release|Any CPU
		{CE84BF72-98C0-41A1-828B-1B09FB6C47B3}.Debug|Any CPU.ActiveCfg = Debug|Any CPU
		{CE84BF72-98C0-41A1-828B-1B09FB6C47B3}.Debug|Any CPU.Build.0 = Debug|Any CPU
		{CE84BF72-98C0-41A1-828B-1B09FB6C47B3}.Debug|ARM.ActiveCfg = Debug|Any CPU
		{CE84BF72-98C0-41A1-828B-1B09FB6C47B3}.Debug|ARM.Build.0 = Debug|Any CPU
		{CE84BF72-98C0-41A1-828B-1B09FB6C47B3}.Debug|ARM64.ActiveCfg = Debug|Any CPU
		{CE84BF72-98C0-41A1-828B-1B09FB6C47B3}.Debug|ARM64.Build.0 = Debug|Any CPU
		{CE84BF72-98C0-41A1-828B-1B09FB6C47B3}.Debug|x64.ActiveCfg = Debug|Any CPU
		{CE84BF72-98C0-41A1-828B-1B09FB6C47B3}.Debug|x64.Build.0 = Debug|Any CPU
		{CE84BF72-98C0-41A1-828B-1B09FB6C47B3}.Debug|x86.ActiveCfg = Debug|Any CPU
		{CE84BF72-98C0-41A1-828B-1B09FB6C47B3}.Debug|x86.Build.0 = Debug|Any CPU
		{CE84BF72-98C0-41A1-828B-1B09FB6C47B3}.Release|Any CPU.ActiveCfg = Release|Any CPU
		{CE84BF72-98C0-41A1-828B-1B09FB6C47B3}.Release|Any CPU.Build.0 = Release|Any CPU
		{CE84BF72-98C0-41A1-828B-1B09FB6C47B3}.Release|ARM.ActiveCfg = Release|Any CPU
		{CE84BF72-98C0-41A1-828B-1B09FB6C47B3}.Release|ARM.Build.0 = Release|Any CPU
		{CE84BF72-98C0-41A1-828B-1B09FB6C47B3}.Release|ARM64.ActiveCfg = Release|Any CPU
		{CE84BF72-98C0-41A1-828B-1B09FB6C47B3}.Release|ARM64.Build.0 = Release|Any CPU
		{CE84BF72-98C0-41A1-828B-1B09FB6C47B3}.Release|x64.ActiveCfg = Release|Any CPU
		{CE84BF72-98C0-41A1-828B-1B09FB6C47B3}.Release|x64.Build.0 = Release|Any CPU
		{CE84BF72-98C0-41A1-828B-1B09FB6C47B3}.Release|x86.ActiveCfg = Release|Any CPU
		{CE84BF72-98C0-41A1-828B-1B09FB6C47B3}.Release|x86.Build.0 = Release|Any CPU
		{21365AC3-9A36-4014-B9D0-A427C17E600D}.Debug|Any CPU.ActiveCfg = Debug|Any CPU
		{21365AC3-9A36-4014-B9D0-A427C17E600D}.Debug|Any CPU.Build.0 = Debug|Any CPU
		{21365AC3-9A36-4014-B9D0-A427C17E600D}.Debug|ARM.ActiveCfg = Debug|Any CPU
		{21365AC3-9A36-4014-B9D0-A427C17E600D}.Debug|ARM.Build.0 = Debug|Any CPU
		{21365AC3-9A36-4014-B9D0-A427C17E600D}.Debug|ARM64.ActiveCfg = Debug|Any CPU
		{21365AC3-9A36-4014-B9D0-A427C17E600D}.Debug|ARM64.Build.0 = Debug|Any CPU
		{21365AC3-9A36-4014-B9D0-A427C17E600D}.Debug|x64.ActiveCfg = Debug|Any CPU
		{21365AC3-9A36-4014-B9D0-A427C17E600D}.Debug|x64.Build.0 = Debug|Any CPU
		{21365AC3-9A36-4014-B9D0-A427C17E600D}.Debug|x86.ActiveCfg = Debug|Any CPU
		{21365AC3-9A36-4014-B9D0-A427C17E600D}.Debug|x86.Build.0 = Debug|Any CPU
		{21365AC3-9A36-4014-B9D0-A427C17E600D}.Release|Any CPU.ActiveCfg = Release|Any CPU
		{21365AC3-9A36-4014-B9D0-A427C17E600D}.Release|Any CPU.Build.0 = Release|Any CPU
		{21365AC3-9A36-4014-B9D0-A427C17E600D}.Release|ARM.ActiveCfg = Release|Any CPU
		{21365AC3-9A36-4014-B9D0-A427C17E600D}.Release|ARM.Build.0 = Release|Any CPU
		{21365AC3-9A36-4014-B9D0-A427C17E600D}.Release|ARM64.ActiveCfg = Release|Any CPU
		{21365AC3-9A36-4014-B9D0-A427C17E600D}.Release|ARM64.Build.0 = Release|Any CPU
		{21365AC3-9A36-4014-B9D0-A427C17E600D}.Release|x64.ActiveCfg = Release|Any CPU
		{21365AC3-9A36-4014-B9D0-A427C17E600D}.Release|x64.Build.0 = Release|Any CPU
		{21365AC3-9A36-4014-B9D0-A427C17E600D}.Release|x86.ActiveCfg = Release|Any CPU
		{21365AC3-9A36-4014-B9D0-A427C17E600D}.Release|x86.Build.0 = Release|Any CPU
		{73C9C918-2222-4425-9214-887BED47C77F}.Debug|Any CPU.ActiveCfg = Debug|Any CPU
		{73C9C918-2222-4425-9214-887BED47C77F}.Debug|Any CPU.Build.0 = Debug|Any CPU
		{73C9C918-2222-4425-9214-887BED47C77F}.Debug|ARM.ActiveCfg = Debug|Any CPU
		{73C9C918-2222-4425-9214-887BED47C77F}.Debug|ARM.Build.0 = Debug|Any CPU
		{73C9C918-2222-4425-9214-887BED47C77F}.Debug|ARM64.ActiveCfg = Debug|Any CPU
		{73C9C918-2222-4425-9214-887BED47C77F}.Debug|ARM64.Build.0 = Debug|Any CPU
		{73C9C918-2222-4425-9214-887BED47C77F}.Debug|x64.ActiveCfg = Debug|Any CPU
		{73C9C918-2222-4425-9214-887BED47C77F}.Debug|x64.Build.0 = Debug|Any CPU
		{73C9C918-2222-4425-9214-887BED47C77F}.Debug|x86.ActiveCfg = Debug|Any CPU
		{73C9C918-2222-4425-9214-887BED47C77F}.Debug|x86.Build.0 = Debug|Any CPU
		{73C9C918-2222-4425-9214-887BED47C77F}.Release|Any CPU.ActiveCfg = Release|Any CPU
		{73C9C918-2222-4425-9214-887BED47C77F}.Release|Any CPU.Build.0 = Release|Any CPU
		{73C9C918-2222-4425-9214-887BED47C77F}.Release|ARM.ActiveCfg = Release|Any CPU
		{73C9C918-2222-4425-9214-887BED47C77F}.Release|ARM.Build.0 = Release|Any CPU
		{73C9C918-2222-4425-9214-887BED47C77F}.Release|ARM64.ActiveCfg = Release|Any CPU
		{73C9C918-2222-4425-9214-887BED47C77F}.Release|ARM64.Build.0 = Release|Any CPU
		{73C9C918-2222-4425-9214-887BED47C77F}.Release|x64.ActiveCfg = Release|Any CPU
		{73C9C918-2222-4425-9214-887BED47C77F}.Release|x64.Build.0 = Release|Any CPU
		{73C9C918-2222-4425-9214-887BED47C77F}.Release|x86.ActiveCfg = Release|Any CPU
		{73C9C918-2222-4425-9214-887BED47C77F}.Release|x86.Build.0 = Release|Any CPU
		{657F7502-43A9-4FC0-8026-1C8F2D103DBA}.Debug|Any CPU.ActiveCfg = Debug|Any CPU
		{657F7502-43A9-4FC0-8026-1C8F2D103DBA}.Debug|Any CPU.Build.0 = Debug|Any CPU
		{657F7502-43A9-4FC0-8026-1C8F2D103DBA}.Debug|ARM.ActiveCfg = Debug|Any CPU
		{657F7502-43A9-4FC0-8026-1C8F2D103DBA}.Debug|ARM.Build.0 = Debug|Any CPU
		{657F7502-43A9-4FC0-8026-1C8F2D103DBA}.Debug|ARM64.ActiveCfg = Debug|Any CPU
		{657F7502-43A9-4FC0-8026-1C8F2D103DBA}.Debug|ARM64.Build.0 = Debug|Any CPU
		{657F7502-43A9-4FC0-8026-1C8F2D103DBA}.Debug|x64.ActiveCfg = Debug|Any CPU
		{657F7502-43A9-4FC0-8026-1C8F2D103DBA}.Debug|x64.Build.0 = Debug|Any CPU
		{657F7502-43A9-4FC0-8026-1C8F2D103DBA}.Debug|x86.ActiveCfg = Debug|Any CPU
		{657F7502-43A9-4FC0-8026-1C8F2D103DBA}.Debug|x86.Build.0 = Debug|Any CPU
		{657F7502-43A9-4FC0-8026-1C8F2D103DBA}.Release|Any CPU.ActiveCfg = Release|Any CPU
		{657F7502-43A9-4FC0-8026-1C8F2D103DBA}.Release|Any CPU.Build.0 = Release|Any CPU
		{657F7502-43A9-4FC0-8026-1C8F2D103DBA}.Release|ARM.ActiveCfg = Release|Any CPU
		{657F7502-43A9-4FC0-8026-1C8F2D103DBA}.Release|ARM.Build.0 = Release|Any CPU
		{657F7502-43A9-4FC0-8026-1C8F2D103DBA}.Release|ARM64.ActiveCfg = Release|Any CPU
		{657F7502-43A9-4FC0-8026-1C8F2D103DBA}.Release|ARM64.Build.0 = Release|Any CPU
		{657F7502-43A9-4FC0-8026-1C8F2D103DBA}.Release|x64.ActiveCfg = Release|Any CPU
		{657F7502-43A9-4FC0-8026-1C8F2D103DBA}.Release|x64.Build.0 = Release|Any CPU
		{657F7502-43A9-4FC0-8026-1C8F2D103DBA}.Release|x86.ActiveCfg = Release|Any CPU
		{657F7502-43A9-4FC0-8026-1C8F2D103DBA}.Release|x86.Build.0 = Release|Any CPU
		{C161612B-8AE2-4F1C-A29E-875C411F31D1}.Debug|Any CPU.ActiveCfg = Debug|Any CPU
		{C161612B-8AE2-4F1C-A29E-875C411F31D1}.Debug|Any CPU.Build.0 = Debug|Any CPU
		{C161612B-8AE2-4F1C-A29E-875C411F31D1}.Debug|ARM.ActiveCfg = Debug|Any CPU
		{C161612B-8AE2-4F1C-A29E-875C411F31D1}.Debug|ARM.Build.0 = Debug|Any CPU
		{C161612B-8AE2-4F1C-A29E-875C411F31D1}.Debug|ARM64.ActiveCfg = Debug|Any CPU
		{C161612B-8AE2-4F1C-A29E-875C411F31D1}.Debug|ARM64.Build.0 = Debug|Any CPU
		{C161612B-8AE2-4F1C-A29E-875C411F31D1}.Debug|x64.ActiveCfg = Debug|Any CPU
		{C161612B-8AE2-4F1C-A29E-875C411F31D1}.Debug|x64.Build.0 = Debug|Any CPU
		{C161612B-8AE2-4F1C-A29E-875C411F31D1}.Debug|x86.ActiveCfg = Debug|Any CPU
		{C161612B-8AE2-4F1C-A29E-875C411F31D1}.Debug|x86.Build.0 = Debug|Any CPU
		{C161612B-8AE2-4F1C-A29E-875C411F31D1}.Release|Any CPU.ActiveCfg = Release|Any CPU
		{C161612B-8AE2-4F1C-A29E-875C411F31D1}.Release|Any CPU.Build.0 = Release|Any CPU
		{C161612B-8AE2-4F1C-A29E-875C411F31D1}.Release|ARM.ActiveCfg = Release|Any CPU
		{C161612B-8AE2-4F1C-A29E-875C411F31D1}.Release|ARM.Build.0 = Release|Any CPU
		{C161612B-8AE2-4F1C-A29E-875C411F31D1}.Release|ARM64.ActiveCfg = Release|Any CPU
		{C161612B-8AE2-4F1C-A29E-875C411F31D1}.Release|ARM64.Build.0 = Release|Any CPU
		{C161612B-8AE2-4F1C-A29E-875C411F31D1}.Release|x64.ActiveCfg = Release|Any CPU
		{C161612B-8AE2-4F1C-A29E-875C411F31D1}.Release|x64.Build.0 = Release|Any CPU
		{C161612B-8AE2-4F1C-A29E-875C411F31D1}.Release|x86.ActiveCfg = Release|Any CPU
		{C161612B-8AE2-4F1C-A29E-875C411F31D1}.Release|x86.Build.0 = Release|Any CPU
		{B5E52F06-2E2A-4EF7-A56B-DAFD8B7DFC7E}.Debug|Any CPU.ActiveCfg = Debug|Any CPU
		{B5E52F06-2E2A-4EF7-A56B-DAFD8B7DFC7E}.Debug|Any CPU.Build.0 = Debug|Any CPU
		{B5E52F06-2E2A-4EF7-A56B-DAFD8B7DFC7E}.Debug|ARM.ActiveCfg = Debug|Any CPU
		{B5E52F06-2E2A-4EF7-A56B-DAFD8B7DFC7E}.Debug|ARM.Build.0 = Debug|Any CPU
		{B5E52F06-2E2A-4EF7-A56B-DAFD8B7DFC7E}.Debug|ARM64.ActiveCfg = Debug|Any CPU
		{B5E52F06-2E2A-4EF7-A56B-DAFD8B7DFC7E}.Debug|ARM64.Build.0 = Debug|Any CPU
		{B5E52F06-2E2A-4EF7-A56B-DAFD8B7DFC7E}.Debug|x64.ActiveCfg = Debug|Any CPU
		{B5E52F06-2E2A-4EF7-A56B-DAFD8B7DFC7E}.Debug|x64.Build.0 = Debug|Any CPU
		{B5E52F06-2E2A-4EF7-A56B-DAFD8B7DFC7E}.Debug|x86.ActiveCfg = Debug|Any CPU
		{B5E52F06-2E2A-4EF7-A56B-DAFD8B7DFC7E}.Debug|x86.Build.0 = Debug|Any CPU
		{B5E52F06-2E2A-4EF7-A56B-DAFD8B7DFC7E}.Release|Any CPU.ActiveCfg = Release|Any CPU
		{B5E52F06-2E2A-4EF7-A56B-DAFD8B7DFC7E}.Release|Any CPU.Build.0 = Release|Any CPU
		{B5E52F06-2E2A-4EF7-A56B-DAFD8B7DFC7E}.Release|ARM.ActiveCfg = Release|Any CPU
		{B5E52F06-2E2A-4EF7-A56B-DAFD8B7DFC7E}.Release|ARM.Build.0 = Release|Any CPU
		{B5E52F06-2E2A-4EF7-A56B-DAFD8B7DFC7E}.Release|ARM64.ActiveCfg = Release|Any CPU
		{B5E52F06-2E2A-4EF7-A56B-DAFD8B7DFC7E}.Release|ARM64.Build.0 = Release|Any CPU
		{B5E52F06-2E2A-4EF7-A56B-DAFD8B7DFC7E}.Release|x64.ActiveCfg = Release|Any CPU
		{B5E52F06-2E2A-4EF7-A56B-DAFD8B7DFC7E}.Release|x64.Build.0 = Release|Any CPU
		{B5E52F06-2E2A-4EF7-A56B-DAFD8B7DFC7E}.Release|x86.ActiveCfg = Release|Any CPU
		{B5E52F06-2E2A-4EF7-A56B-DAFD8B7DFC7E}.Release|x86.Build.0 = Release|Any CPU
		{78983ECE-5252-41C1-A8B3-6835FAF415F3}.Debug|Any CPU.ActiveCfg = Debug|Any CPU
		{78983ECE-5252-41C1-A8B3-6835FAF415F3}.Debug|Any CPU.Build.0 = Debug|Any CPU
		{78983ECE-5252-41C1-A8B3-6835FAF415F3}.Debug|ARM.ActiveCfg = Debug|Any CPU
		{78983ECE-5252-41C1-A8B3-6835FAF415F3}.Debug|ARM.Build.0 = Debug|Any CPU
		{78983ECE-5252-41C1-A8B3-6835FAF415F3}.Debug|ARM64.ActiveCfg = Debug|Any CPU
		{78983ECE-5252-41C1-A8B3-6835FAF415F3}.Debug|ARM64.Build.0 = Debug|Any CPU
		{78983ECE-5252-41C1-A8B3-6835FAF415F3}.Debug|x64.ActiveCfg = Debug|Any CPU
		{78983ECE-5252-41C1-A8B3-6835FAF415F3}.Debug|x64.Build.0 = Debug|Any CPU
		{78983ECE-5252-41C1-A8B3-6835FAF415F3}.Debug|x86.ActiveCfg = Debug|Any CPU
		{78983ECE-5252-41C1-A8B3-6835FAF415F3}.Debug|x86.Build.0 = Debug|Any CPU
		{78983ECE-5252-41C1-A8B3-6835FAF415F3}.Release|Any CPU.ActiveCfg = Release|Any CPU
		{78983ECE-5252-41C1-A8B3-6835FAF415F3}.Release|Any CPU.Build.0 = Release|Any CPU
		{78983ECE-5252-41C1-A8B3-6835FAF415F3}.Release|ARM.ActiveCfg = Release|Any CPU
		{78983ECE-5252-41C1-A8B3-6835FAF415F3}.Release|ARM.Build.0 = Release|Any CPU
		{78983ECE-5252-41C1-A8B3-6835FAF415F3}.Release|ARM64.ActiveCfg = Release|Any CPU
		{78983ECE-5252-41C1-A8B3-6835FAF415F3}.Release|ARM64.Build.0 = Release|Any CPU
		{78983ECE-5252-41C1-A8B3-6835FAF415F3}.Release|x64.ActiveCfg = Release|Any CPU
		{78983ECE-5252-41C1-A8B3-6835FAF415F3}.Release|x64.Build.0 = Release|Any CPU
		{78983ECE-5252-41C1-A8B3-6835FAF415F3}.Release|x86.ActiveCfg = Release|Any CPU
		{78983ECE-5252-41C1-A8B3-6835FAF415F3}.Release|x86.Build.0 = Release|Any CPU
		{DD575EF3-DF09-40A1-A89A-AB775D65A423}.Debug|Any CPU.ActiveCfg = Debug|Any CPU
		{DD575EF3-DF09-40A1-A89A-AB775D65A423}.Debug|Any CPU.Build.0 = Debug|Any CPU
		{DD575EF3-DF09-40A1-A89A-AB775D65A423}.Debug|ARM.ActiveCfg = Debug|Any CPU
		{DD575EF3-DF09-40A1-A89A-AB775D65A423}.Debug|ARM.Build.0 = Debug|Any CPU
		{DD575EF3-DF09-40A1-A89A-AB775D65A423}.Debug|ARM64.ActiveCfg = Debug|Any CPU
		{DD575EF3-DF09-40A1-A89A-AB775D65A423}.Debug|ARM64.Build.0 = Debug|Any CPU
		{DD575EF3-DF09-40A1-A89A-AB775D65A423}.Debug|x64.ActiveCfg = Debug|Any CPU
		{DD575EF3-DF09-40A1-A89A-AB775D65A423}.Debug|x64.Build.0 = Debug|Any CPU
		{DD575EF3-DF09-40A1-A89A-AB775D65A423}.Debug|x86.ActiveCfg = Debug|Any CPU
		{DD575EF3-DF09-40A1-A89A-AB775D65A423}.Debug|x86.Build.0 = Debug|Any CPU
		{DD575EF3-DF09-40A1-A89A-AB775D65A423}.Release|Any CPU.ActiveCfg = Release|Any CPU
		{DD575EF3-DF09-40A1-A89A-AB775D65A423}.Release|Any CPU.Build.0 = Release|Any CPU
		{DD575EF3-DF09-40A1-A89A-AB775D65A423}.Release|ARM.ActiveCfg = Release|Any CPU
		{DD575EF3-DF09-40A1-A89A-AB775D65A423}.Release|ARM.Build.0 = Release|Any CPU
		{DD575EF3-DF09-40A1-A89A-AB775D65A423}.Release|ARM64.ActiveCfg = Release|Any CPU
		{DD575EF3-DF09-40A1-A89A-AB775D65A423}.Release|ARM64.Build.0 = Release|Any CPU
		{DD575EF3-DF09-40A1-A89A-AB775D65A423}.Release|x64.ActiveCfg = Release|Any CPU
		{DD575EF3-DF09-40A1-A89A-AB775D65A423}.Release|x64.Build.0 = Release|Any CPU
		{DD575EF3-DF09-40A1-A89A-AB775D65A423}.Release|x86.ActiveCfg = Release|Any CPU
		{DD575EF3-DF09-40A1-A89A-AB775D65A423}.Release|x86.Build.0 = Release|Any CPU
		{4D8ED1CF-E2FF-4666-88D5-7D5300014301}.Debug|Any CPU.ActiveCfg = Debug|Any CPU
		{4D8ED1CF-E2FF-4666-88D5-7D5300014301}.Debug|Any CPU.Build.0 = Debug|Any CPU
		{4D8ED1CF-E2FF-4666-88D5-7D5300014301}.Debug|ARM.ActiveCfg = Debug|Any CPU
		{4D8ED1CF-E2FF-4666-88D5-7D5300014301}.Debug|ARM.Build.0 = Debug|Any CPU
		{4D8ED1CF-E2FF-4666-88D5-7D5300014301}.Debug|ARM64.ActiveCfg = Debug|Any CPU
		{4D8ED1CF-E2FF-4666-88D5-7D5300014301}.Debug|ARM64.Build.0 = Debug|Any CPU
		{4D8ED1CF-E2FF-4666-88D5-7D5300014301}.Debug|x64.ActiveCfg = Debug|Any CPU
		{4D8ED1CF-E2FF-4666-88D5-7D5300014301}.Debug|x64.Build.0 = Debug|Any CPU
		{4D8ED1CF-E2FF-4666-88D5-7D5300014301}.Debug|x86.ActiveCfg = Debug|Any CPU
		{4D8ED1CF-E2FF-4666-88D5-7D5300014301}.Debug|x86.Build.0 = Debug|Any CPU
		{4D8ED1CF-E2FF-4666-88D5-7D5300014301}.Release|Any CPU.ActiveCfg = Release|Any CPU
		{4D8ED1CF-E2FF-4666-88D5-7D5300014301}.Release|Any CPU.Build.0 = Release|Any CPU
		{4D8ED1CF-E2FF-4666-88D5-7D5300014301}.Release|ARM.ActiveCfg = Release|Any CPU
		{4D8ED1CF-E2FF-4666-88D5-7D5300014301}.Release|ARM.Build.0 = Release|Any CPU
		{4D8ED1CF-E2FF-4666-88D5-7D5300014301}.Release|ARM64.ActiveCfg = Release|Any CPU
		{4D8ED1CF-E2FF-4666-88D5-7D5300014301}.Release|ARM64.Build.0 = Release|Any CPU
		{4D8ED1CF-E2FF-4666-88D5-7D5300014301}.Release|x64.ActiveCfg = Release|Any CPU
		{4D8ED1CF-E2FF-4666-88D5-7D5300014301}.Release|x64.Build.0 = Release|Any CPU
		{4D8ED1CF-E2FF-4666-88D5-7D5300014301}.Release|x86.ActiveCfg = Release|Any CPU
		{4D8ED1CF-E2FF-4666-88D5-7D5300014301}.Release|x86.Build.0 = Release|Any CPU
		{4FF6F614-F88E-4621-9A30-F6A75873218D}.Debug|Any CPU.ActiveCfg = Debug|Any CPU
		{4FF6F614-F88E-4621-9A30-F6A75873218D}.Debug|Any CPU.Build.0 = Debug|Any CPU
		{4FF6F614-F88E-4621-9A30-F6A75873218D}.Debug|ARM.ActiveCfg = Debug|Any CPU
		{4FF6F614-F88E-4621-9A30-F6A75873218D}.Debug|ARM.Build.0 = Debug|Any CPU
		{4FF6F614-F88E-4621-9A30-F6A75873218D}.Debug|ARM64.ActiveCfg = Debug|Any CPU
		{4FF6F614-F88E-4621-9A30-F6A75873218D}.Debug|ARM64.Build.0 = Debug|Any CPU
		{4FF6F614-F88E-4621-9A30-F6A75873218D}.Debug|x64.ActiveCfg = Debug|Any CPU
		{4FF6F614-F88E-4621-9A30-F6A75873218D}.Debug|x64.Build.0 = Debug|Any CPU
		{4FF6F614-F88E-4621-9A30-F6A75873218D}.Debug|x86.ActiveCfg = Debug|Any CPU
		{4FF6F614-F88E-4621-9A30-F6A75873218D}.Debug|x86.Build.0 = Debug|Any CPU
		{4FF6F614-F88E-4621-9A30-F6A75873218D}.Release|Any CPU.ActiveCfg = Release|Any CPU
		{4FF6F614-F88E-4621-9A30-F6A75873218D}.Release|Any CPU.Build.0 = Release|Any CPU
		{4FF6F614-F88E-4621-9A30-F6A75873218D}.Release|ARM.ActiveCfg = Release|Any CPU
		{4FF6F614-F88E-4621-9A30-F6A75873218D}.Release|ARM.Build.0 = Release|Any CPU
		{4FF6F614-F88E-4621-9A30-F6A75873218D}.Release|ARM64.ActiveCfg = Release|Any CPU
		{4FF6F614-F88E-4621-9A30-F6A75873218D}.Release|ARM64.Build.0 = Release|Any CPU
		{4FF6F614-F88E-4621-9A30-F6A75873218D}.Release|x64.ActiveCfg = Release|Any CPU
		{4FF6F614-F88E-4621-9A30-F6A75873218D}.Release|x64.Build.0 = Release|Any CPU
		{4FF6F614-F88E-4621-9A30-F6A75873218D}.Release|x86.ActiveCfg = Release|Any CPU
		{4FF6F614-F88E-4621-9A30-F6A75873218D}.Release|x86.Build.0 = Release|Any CPU
		{91F13EBC-53CE-4032-AAFC-268E90C32E5F}.Debug|Any CPU.ActiveCfg = Debug|Any CPU
		{91F13EBC-53CE-4032-AAFC-268E90C32E5F}.Debug|Any CPU.Build.0 = Debug|Any CPU
		{91F13EBC-53CE-4032-AAFC-268E90C32E5F}.Debug|ARM.ActiveCfg = Debug|Any CPU
		{91F13EBC-53CE-4032-AAFC-268E90C32E5F}.Debug|ARM.Build.0 = Debug|Any CPU
		{91F13EBC-53CE-4032-AAFC-268E90C32E5F}.Debug|ARM64.ActiveCfg = Debug|Any CPU
		{91F13EBC-53CE-4032-AAFC-268E90C32E5F}.Debug|ARM64.Build.0 = Debug|Any CPU
		{91F13EBC-53CE-4032-AAFC-268E90C32E5F}.Debug|x64.ActiveCfg = Debug|Any CPU
		{91F13EBC-53CE-4032-AAFC-268E90C32E5F}.Debug|x64.Build.0 = Debug|Any CPU
		{91F13EBC-53CE-4032-AAFC-268E90C32E5F}.Debug|x86.ActiveCfg = Debug|Any CPU
		{91F13EBC-53CE-4032-AAFC-268E90C32E5F}.Debug|x86.Build.0 = Debug|Any CPU
		{91F13EBC-53CE-4032-AAFC-268E90C32E5F}.Release|Any CPU.ActiveCfg = Release|Any CPU
		{91F13EBC-53CE-4032-AAFC-268E90C32E5F}.Release|Any CPU.Build.0 = Release|Any CPU
		{91F13EBC-53CE-4032-AAFC-268E90C32E5F}.Release|ARM.ActiveCfg = Release|Any CPU
		{91F13EBC-53CE-4032-AAFC-268E90C32E5F}.Release|ARM.Build.0 = Release|Any CPU
		{91F13EBC-53CE-4032-AAFC-268E90C32E5F}.Release|ARM64.ActiveCfg = Release|Any CPU
		{91F13EBC-53CE-4032-AAFC-268E90C32E5F}.Release|ARM64.Build.0 = Release|Any CPU
		{91F13EBC-53CE-4032-AAFC-268E90C32E5F}.Release|x64.ActiveCfg = Release|Any CPU
		{91F13EBC-53CE-4032-AAFC-268E90C32E5F}.Release|x64.Build.0 = Release|Any CPU
		{91F13EBC-53CE-4032-AAFC-268E90C32E5F}.Release|x86.ActiveCfg = Release|Any CPU
		{91F13EBC-53CE-4032-AAFC-268E90C32E5F}.Release|x86.Build.0 = Release|Any CPU
	EndGlobalSection
	GlobalSection(SolutionProperties) = preSolution
		HideSolutionNode = FALSE
	EndGlobalSection
	GlobalSection(NestedProjects) = preSolution
		{49D65EC4-726F-4A7A-A9FF-3CFC9EF2E7D5} = {F021B1E7-44AC-469B-AB4D-36541902C694}
		{F926585B-E9EC-4158-857E-E6310C70DCEE} = {F021B1E7-44AC-469B-AB4D-36541902C694}
		{80C5352A-5ECD-4CC1-B6B2-033E624524DA} = {F021B1E7-44AC-469B-AB4D-36541902C694}
		{00E4BCFB-9FBC-44BC-8AA5-3A24E790B23F} = {F021B1E7-44AC-469B-AB4D-36541902C694}
		{C2489F7B-49C0-418C-8A63-0A6C134A3E08} = {F021B1E7-44AC-469B-AB4D-36541902C694}
		{0194E969-1457-4C16-AFAB-D2753DFA07F0} = {673CF32C-65BF-4EB3-83D3-47FEC77B47A0}
		{42654B2B-4B5A-4B78-BC0A-8D3B3D82EC9A} = {37E33B90-88B7-4404-9D42-D672A2916E6C}
		{7C64F32B-E1EE-45F7-94A7-DA2AD9288249} = {37E33B90-88B7-4404-9D42-D672A2916E6C}
		{611E6974-2F22-4FBD-B4B2-E8EE5AE53436} = {42654B2B-4B5A-4B78-BC0A-8D3B3D82EC9A}
		{BA3762A1-C81E-4406-940B-AE38D2E854D3} = {7C64F32B-E1EE-45F7-94A7-DA2AD9288249}
		{FD951D65-861E-4605-BC09-D8D3271BE23A} = {7C64F32B-E1EE-45F7-94A7-DA2AD9288249}
		{1F197599-4C38-43A5-A6AD-C218DE17F5F6} = {7C64F32B-E1EE-45F7-94A7-DA2AD9288249}
		{0C15E76A-DCAE-4D5E-B260-2E9844042D45} = {0194E969-1457-4C16-AFAB-D2753DFA07F0}
		{CDA241F5-7B84-498D-BF29-01D71BF5A154} = {0194E969-1457-4C16-AFAB-D2753DFA07F0}
		{FEE074E3-AF1C-4C13-AF0E-D60D60C624F5} = {0194E969-1457-4C16-AFAB-D2753DFA07F0}
		{B5C3F95C-F206-438A-BC87-ABEE1F0E0E99} = {0194E969-1457-4C16-AFAB-D2753DFA07F0}
		{E7AA1C4E-2766-4131-B18A-EF986AB45D19} = {69E9C41D-1848-4F9F-8C9C-0CAC1C167336}
		{CC0FBC12-F30C-480E-8FCA-A0382FB4F167} = {E7AA1C4E-2766-4131-B18A-EF986AB45D19}
		{1CA8F49B-F083-47A1-BA93-6C5A4A25938E} = {CC0FBC12-F30C-480E-8FCA-A0382FB4F167}
		{1DA8715C-E5A1-40CC-9C6C-F39E90A0C3E7} = {0194E969-1457-4C16-AFAB-D2753DFA07F0}
		{D6625876-40E0-4222-A6A9-4449BCA61D60} = {69E9C41D-1848-4F9F-8C9C-0CAC1C167336}
		{447D9264-1F5D-4E66-801A-C43CA36B8D4F} = {69E9C41D-1848-4F9F-8C9C-0CAC1C167336}
		{5A8A4A32-653E-4DC5-99CB-5F1E59737835} = {D6625876-40E0-4222-A6A9-4449BCA61D60}
		{86D76F32-FAA4-40B4-A13E-8012914D7584} = {D6625876-40E0-4222-A6A9-4449BCA61D60}
		{DCA4D799-1C34-40BE-BB3D-BA46EE81265F} = {D6625876-40E0-4222-A6A9-4449BCA61D60}
		{CE84BF72-98C0-41A1-828B-1B09FB6C47B3} = {447D9264-1F5D-4E66-801A-C43CA36B8D4F}
		{21365AC3-9A36-4014-B9D0-A427C17E600D} = {447D9264-1F5D-4E66-801A-C43CA36B8D4F}
		{73C9C918-2222-4425-9214-887BED47C77F} = {447D9264-1F5D-4E66-801A-C43CA36B8D4F}
		{657F7502-43A9-4FC0-8026-1C8F2D103DBA} = {F021B1E7-44AC-469B-AB4D-36541902C694}
		{C161612B-8AE2-4F1C-A29E-875C411F31D1} = {F021B1E7-44AC-469B-AB4D-36541902C694}
		{A0152BF5-A875-40C0-BD57-D99DDCDB5D4C} = {37E33B90-88B7-4404-9D42-D672A2916E6C}
		{21B43003-7DC5-4D0F-8097-0D0854BFD20D} = {37E33B90-88B7-4404-9D42-D672A2916E6C}
		{B5E52F06-2E2A-4EF7-A56B-DAFD8B7DFC7E} = {21B43003-7DC5-4D0F-8097-0D0854BFD20D}
		{78983ECE-5252-41C1-A8B3-6835FAF415F3} = {A0152BF5-A875-40C0-BD57-D99DDCDB5D4C}
		{FF0F9B42-7FFA-4113-AD0E-15955D89BFEA} = {69E9C41D-1848-4F9F-8C9C-0CAC1C167336}
		{DD575EF3-DF09-40A1-A89A-AB775D65A423} = {FF0F9B42-7FFA-4113-AD0E-15955D89BFEA}
		{2E7D2566-EAFF-4921-A312-88CF0ABC40E6} = {69E9C41D-1848-4F9F-8C9C-0CAC1C167336}
		{4D8ED1CF-E2FF-4666-88D5-7D5300014301} = {2E7D2566-EAFF-4921-A312-88CF0ABC40E6}
		{B2234097-D037-4126-9CC0-F7ECF3FEEEA5} = {0194E969-1457-4C16-AFAB-D2753DFA07F0}
		{91F13EBC-53CE-4032-AAFC-268E90C32E5F} = {B2234097-D037-4126-9CC0-F7ECF3FEEEA5}
	EndGlobalSection
	GlobalSection(ExtensibilityGlobals) = postSolution
		SolutionGuid = {09BBC227-F41B-4D10-9E38-0EEE07ED17BC}
	EndGlobalSection
EndGlobal
